// !$*UTF8*$!
{
	archiveVersion = 1;
	classes = {
	};
	objectVersion = 46;
	objects = {

/* Begin PBXBuildFile section */
		302E41C41A86958E005F1184 /* PingPongViewController.m in Sources */ = {isa = PBXBuildFile; fileRef = 302E41C31A86958E005F1184 /* PingPongViewController.m */; };
		302E41C71A86A195005F1184 /* ChoosePlayersViewController.m in Sources */ = {isa = PBXBuildFile; fileRef = 302E41C61A86A195005F1184 /* ChoosePlayersViewController.m */; };
		7F7C9D7F76CC544EEC3A87D2 /* libPods-FoosPong.a in Frameworks */ = {isa = PBXBuildFile; fileRef = B77DFF6D64A66AF6288C73B1 /* libPods-FoosPong.a */; };
		EE0DC00B1A8C4604000235B3 /* ParseUI.framework in Frameworks */ = {isa = PBXBuildFile; fileRef = EE0DC00A1A8C4604000235B3 /* ParseUI.framework */; };
		EE0DC00F1A8D9456000235B3 /* UserController.m in Sources */ = {isa = PBXBuildFile; fileRef = EE0DC00E1A8D9456000235B3 /* UserController.m */; };
		EE0DC0121A8D96D8000235B3 /* GameController.m in Sources */ = {isa = PBXBuildFile; fileRef = EE0DC0111A8D96D8000235B3 /* GameController.m */; };
		EE2C57D61A93DFC600DA9835 /* UIImageView+Letters.m in Sources */ = {isa = PBXBuildFile; fileRef = EE2C57D51A93DFC600DA9835 /* UIImageView+Letters.m */; };
		EE2C57D91A93E50D00DA9835 /* MySignUpViewController.m in Sources */ = {isa = PBXBuildFile; fileRef = EE2C57D81A93E50D00DA9835 /* MySignUpViewController.m */; };
		EE2C57DF1A93ECD200DA9835 /* BaseLoginController.m in Sources */ = {isa = PBXBuildFile; fileRef = EE2C57DE1A93ECD200DA9835 /* BaseLoginController.m */; };
		EE2C57E21A93F12300DA9835 /* LoginController4.m in Sources */ = {isa = PBXBuildFile; fileRef = EE2C57E11A93F12300DA9835 /* LoginController4.m */; };
		EE3356EE1A895F0600B83EC0 /* ProfileViewController.m in Sources */ = {isa = PBXBuildFile; fileRef = EE3356ED1A895F0600B83EC0 /* ProfileViewController.m */; };
		EE3356F11A89610B00B83EC0 /* GameViewController.m in Sources */ = {isa = PBXBuildFile; fileRef = EE3356F01A89610B00B83EC0 /* GameViewController.m */; };
		EE33572A1A8C1C2A00B83EC0 /* Bolts.framework in Frameworks */ = {isa = PBXBuildFile; fileRef = EE3357291A8C1C2A00B83EC0 /* Bolts.framework */; };
		EE33572C1A8C1C4700B83EC0 /* Parse.framework in Frameworks */ = {isa = PBXBuildFile; fileRef = EE33572B1A8C1C4700B83EC0 /* Parse.framework */; };
		EE33572E1A8C1C9B00B83EC0 /* AudioToolbox.framework in Frameworks */ = {isa = PBXBuildFile; fileRef = EE33572D1A8C1C9B00B83EC0 /* AudioToolbox.framework */; };
		EE3357301A8C1CAD00B83EC0 /* CFNetwork.framework in Frameworks */ = {isa = PBXBuildFile; fileRef = EE33572F1A8C1CAD00B83EC0 /* CFNetwork.framework */; };
		EE3357321A8C1CC900B83EC0 /* CoreGraphics.framework in Frameworks */ = {isa = PBXBuildFile; fileRef = EE3357311A8C1CC900B83EC0 /* CoreGraphics.framework */; };
		EE3357341A8C1CD100B83EC0 /* CoreLocation.framework in Frameworks */ = {isa = PBXBuildFile; fileRef = EE3357331A8C1CD100B83EC0 /* CoreLocation.framework */; };
		EE3357361A8C1CDB00B83EC0 /* MobileCoreServices.framework in Frameworks */ = {isa = PBXBuildFile; fileRef = EE3357351A8C1CDB00B83EC0 /* MobileCoreServices.framework */; };
		EE3357381A8C1CE600B83EC0 /* QuartzCore.framework in Frameworks */ = {isa = PBXBuildFile; fileRef = EE3357371A8C1CE600B83EC0 /* QuartzCore.framework */; };
		EE33573A1A8C1CF100B83EC0 /* Security.framework in Frameworks */ = {isa = PBXBuildFile; fileRef = EE3357391A8C1CF100B83EC0 /* Security.framework */; };
		EE33573C1A8C1CFB00B83EC0 /* StoreKit.framework in Frameworks */ = {isa = PBXBuildFile; fileRef = EE33573B1A8C1CFB00B83EC0 /* StoreKit.framework */; };
		EE33573E1A8C1D0400B83EC0 /* SystemConfiguration.framework in Frameworks */ = {isa = PBXBuildFile; fileRef = EE33573D1A8C1D0400B83EC0 /* SystemConfiguration.framework */; };
		EE3357401A8C1D1800B83EC0 /* libz.dylib in Frameworks */ = {isa = PBXBuildFile; fileRef = EE33573F1A8C1D1800B83EC0 /* libz.dylib */; };
		EE3357421A8C1D2D00B83EC0 /* libsqlite3.dylib in Frameworks */ = {isa = PBXBuildFile; fileRef = EE3357411A8C1D2D00B83EC0 /* libsqlite3.dylib */; };
		EE3357441A8C200F00B83EC0 /* Social.framework in Frameworks */ = {isa = PBXBuildFile; fileRef = EE3357431A8C200F00B83EC0 /* Social.framework */; };
		EE3357461A8C202600B83EC0 /* Accounts.framework in Frameworks */ = {isa = PBXBuildFile; fileRef = EE3357451A8C202600B83EC0 /* Accounts.framework */; };
		EE7A6CDC1A868402000447D2 /* main.m in Sources */ = {isa = PBXBuildFile; fileRef = EE7A6CDB1A868402000447D2 /* main.m */; };
		EE7A6CDF1A868402000447D2 /* AppDelegate.m in Sources */ = {isa = PBXBuildFile; fileRef = EE7A6CDE1A868402000447D2 /* AppDelegate.m */; };
		EE7A6CE51A868402000447D2 /* Main.storyboard in Resources */ = {isa = PBXBuildFile; fileRef = EE7A6CE31A868402000447D2 /* Main.storyboard */; };
		EE7A6CE71A868402000447D2 /* Images.xcassets in Resources */ = {isa = PBXBuildFile; fileRef = EE7A6CE61A868402000447D2 /* Images.xcassets */; };
		EE7A6CEA1A868402000447D2 /* LaunchScreen.xib in Resources */ = {isa = PBXBuildFile; fileRef = EE7A6CE81A868402000447D2 /* LaunchScreen.xib */; };
		EE7A6CF61A868402000447D2 /* FoosPongTests.m in Sources */ = {isa = PBXBuildFile; fileRef = EE7A6CF51A868402000447D2 /* FoosPongTests.m */; };
		EE7A6D041A869169000447D2 /* MainViewController.m in Sources */ = {isa = PBXBuildFile; fileRef = EE7A6D031A869169000447D2 /* MainViewController.m */; };
		EE7A6D071A869970000447D2 /* NewGameCustomTableViewCell.m in Sources */ = {isa = PBXBuildFile; fileRef = EE7A6D061A869970000447D2 /* NewGameCustomTableViewCell.m */; };
		EE7A6D0A1A869CD4000447D2 /* HistoryViewController.m in Sources */ = {isa = PBXBuildFile; fileRef = EE7A6D091A869CD4000447D2 /* HistoryViewController.m */; };
/* End PBXBuildFile section */

/* Begin PBXContainerItemProxy section */
		EE7A6CF01A868402000447D2 /* PBXContainerItemProxy */ = {
			isa = PBXContainerItemProxy;
			containerPortal = EE7A6CCE1A868401000447D2 /* Project object */;
			proxyType = 1;
			remoteGlobalIDString = EE7A6CD51A868401000447D2;
			remoteInfo = FoosPong;
		};
/* End PBXContainerItemProxy section */

/* Begin PBXFileReference section */
		302E41C21A86958E005F1184 /* PingPongViewController.h */ = {isa = PBXFileReference; fileEncoding = 4; lastKnownFileType = sourcecode.c.h; name = PingPongViewController.h; path = ../PingPongViewController.h; sourceTree = "<group>"; };
		302E41C31A86958E005F1184 /* PingPongViewController.m */ = {isa = PBXFileReference; fileEncoding = 4; lastKnownFileType = sourcecode.c.objc; name = PingPongViewController.m; path = ../PingPongViewController.m; sourceTree = "<group>"; };
		302E41C51A86A195005F1184 /* ChoosePlayersViewController.h */ = {isa = PBXFileReference; fileEncoding = 4; lastKnownFileType = sourcecode.c.h; path = ChoosePlayersViewController.h; sourceTree = "<group>"; };
		302E41C61A86A195005F1184 /* ChoosePlayersViewController.m */ = {isa = PBXFileReference; fileEncoding = 4; lastKnownFileType = sourcecode.c.objc; path = ChoosePlayersViewController.m; sourceTree = "<group>"; };
		6775E9090F7D5300C9E7454A /* Pods-FoosPong.debug.xcconfig */ = {isa = PBXFileReference; includeInIndex = 1; lastKnownFileType = text.xcconfig; name = "Pods-FoosPong.debug.xcconfig"; path = "Pods/Target Support Files/Pods-FoosPong/Pods-FoosPong.debug.xcconfig"; sourceTree = "<group>"; };
		B77DFF6D64A66AF6288C73B1 /* libPods-FoosPong.a */ = {isa = PBXFileReference; explicitFileType = archive.ar; includeInIndex = 0; path = "libPods-FoosPong.a"; sourceTree = BUILT_PRODUCTS_DIR; };
		E5F931099152F99036552F2B /* Pods-FoosPong.release.xcconfig */ = {isa = PBXFileReference; includeInIndex = 1; lastKnownFileType = text.xcconfig; name = "Pods-FoosPong.release.xcconfig"; path = "Pods/Target Support Files/Pods-FoosPong/Pods-FoosPong.release.xcconfig"; sourceTree = "<group>"; };
		EE0DC00A1A8C4604000235B3 /* ParseUI.framework */ = {isa = PBXFileReference; lastKnownFileType = wrapper.framework; path = ParseUI.framework; sourceTree = "<group>"; };
		EE0DC00C1A8C53A1000235B3 /* FoosPong-Prefix.pch */ = {isa = PBXFileReference; lastKnownFileType = sourcecode.c.h; path = "FoosPong-Prefix.pch"; sourceTree = "<group>"; };
		EE0DC00D1A8D9456000235B3 /* UserController.h */ = {isa = PBXFileReference; fileEncoding = 4; lastKnownFileType = sourcecode.c.h; path = UserController.h; sourceTree = "<group>"; };
		EE0DC00E1A8D9456000235B3 /* UserController.m */ = {isa = PBXFileReference; fileEncoding = 4; lastKnownFileType = sourcecode.c.objc; path = UserController.m; sourceTree = "<group>"; };
		EE0DC0101A8D96D8000235B3 /* GameController.h */ = {isa = PBXFileReference; fileEncoding = 4; lastKnownFileType = sourcecode.c.h; path = GameController.h; sourceTree = "<group>"; };
		EE0DC0111A8D96D8000235B3 /* GameController.m */ = {isa = PBXFileReference; fileEncoding = 4; lastKnownFileType = sourcecode.c.objc; path = GameController.m; sourceTree = "<group>"; };
		EE2C57D41A93DFC600DA9835 /* UIImageView+Letters.h */ = {isa = PBXFileReference; fileEncoding = 4; lastKnownFileType = sourcecode.c.h; path = "UIImageView+Letters.h"; sourceTree = "<group>"; };
		EE2C57D51A93DFC600DA9835 /* UIImageView+Letters.m */ = {isa = PBXFileReference; fileEncoding = 4; lastKnownFileType = sourcecode.c.objc; path = "UIImageView+Letters.m"; sourceTree = "<group>"; };
		EE2C57D71A93E50D00DA9835 /* MySignUpViewController.h */ = {isa = PBXFileReference; fileEncoding = 4; lastKnownFileType = sourcecode.c.h; path = MySignUpViewController.h; sourceTree = "<group>"; };
		EE2C57D81A93E50D00DA9835 /* MySignUpViewController.m */ = {isa = PBXFileReference; fileEncoding = 4; lastKnownFileType = sourcecode.c.objc; path = MySignUpViewController.m; sourceTree = "<group>"; };
		EE2C57DD1A93ECD200DA9835 /* BaseLoginController.h */ = {isa = PBXFileReference; fileEncoding = 4; lastKnownFileType = sourcecode.c.h; path = BaseLoginController.h; sourceTree = "<group>"; };
		EE2C57DE1A93ECD200DA9835 /* BaseLoginController.m */ = {isa = PBXFileReference; fileEncoding = 4; lastKnownFileType = sourcecode.c.objc; path = BaseLoginController.m; sourceTree = "<group>"; };
		EE2C57E01A93F12300DA9835 /* LoginController4.h */ = {isa = PBXFileReference; fileEncoding = 4; lastKnownFileType = sourcecode.c.h; path = LoginController4.h; sourceTree = "<group>"; };
		EE2C57E11A93F12300DA9835 /* LoginController4.m */ = {isa = PBXFileReference; fileEncoding = 4; lastKnownFileType = sourcecode.c.objc; path = LoginController4.m; sourceTree = "<group>"; };
		EE3356EC1A895F0600B83EC0 /* ProfileViewController.h */ = {isa = PBXFileReference; fileEncoding = 4; lastKnownFileType = sourcecode.c.h; path = ProfileViewController.h; sourceTree = "<group>"; };
		EE3356ED1A895F0600B83EC0 /* ProfileViewController.m */ = {isa = PBXFileReference; fileEncoding = 4; lastKnownFileType = sourcecode.c.objc; path = ProfileViewController.m; sourceTree = "<group>"; };
		EE3356EF1A89610B00B83EC0 /* GameViewController.h */ = {isa = PBXFileReference; fileEncoding = 4; lastKnownFileType = sourcecode.c.h; path = GameViewController.h; sourceTree = "<group>"; };
		EE3356F01A89610B00B83EC0 /* GameViewController.m */ = {isa = PBXFileReference; fileEncoding = 4; lastKnownFileType = sourcecode.c.objc; path = GameViewController.m; sourceTree = "<group>"; };
		EE3357291A8C1C2A00B83EC0 /* Bolts.framework */ = {isa = PBXFileReference; lastKnownFileType = wrapper.framework; path = Bolts.framework; sourceTree = "<group>"; };
		EE33572B1A8C1C4700B83EC0 /* Parse.framework */ = {isa = PBXFileReference; lastKnownFileType = wrapper.framework; path = Parse.framework; sourceTree = "<group>"; };
		EE33572D1A8C1C9B00B83EC0 /* AudioToolbox.framework */ = {isa = PBXFileReference; lastKnownFileType = wrapper.framework; name = AudioToolbox.framework; path = System/Library/Frameworks/AudioToolbox.framework; sourceTree = SDKROOT; };
		EE33572F1A8C1CAD00B83EC0 /* CFNetwork.framework */ = {isa = PBXFileReference; lastKnownFileType = wrapper.framework; name = CFNetwork.framework; path = System/Library/Frameworks/CFNetwork.framework; sourceTree = SDKROOT; };
		EE3357311A8C1CC900B83EC0 /* CoreGraphics.framework */ = {isa = PBXFileReference; lastKnownFileType = wrapper.framework; name = CoreGraphics.framework; path = System/Library/Frameworks/CoreGraphics.framework; sourceTree = SDKROOT; };
		EE3357331A8C1CD100B83EC0 /* CoreLocation.framework */ = {isa = PBXFileReference; lastKnownFileType = wrapper.framework; name = CoreLocation.framework; path = System/Library/Frameworks/CoreLocation.framework; sourceTree = SDKROOT; };
		EE3357351A8C1CDB00B83EC0 /* MobileCoreServices.framework */ = {isa = PBXFileReference; lastKnownFileType = wrapper.framework; name = MobileCoreServices.framework; path = System/Library/Frameworks/MobileCoreServices.framework; sourceTree = SDKROOT; };
		EE3357371A8C1CE600B83EC0 /* QuartzCore.framework */ = {isa = PBXFileReference; lastKnownFileType = wrapper.framework; name = QuartzCore.framework; path = System/Library/Frameworks/QuartzCore.framework; sourceTree = SDKROOT; };
		EE3357391A8C1CF100B83EC0 /* Security.framework */ = {isa = PBXFileReference; lastKnownFileType = wrapper.framework; name = Security.framework; path = System/Library/Frameworks/Security.framework; sourceTree = SDKROOT; };
		EE33573B1A8C1CFB00B83EC0 /* StoreKit.framework */ = {isa = PBXFileReference; lastKnownFileType = wrapper.framework; name = StoreKit.framework; path = System/Library/Frameworks/StoreKit.framework; sourceTree = SDKROOT; };
		EE33573D1A8C1D0400B83EC0 /* SystemConfiguration.framework */ = {isa = PBXFileReference; lastKnownFileType = wrapper.framework; name = SystemConfiguration.framework; path = System/Library/Frameworks/SystemConfiguration.framework; sourceTree = SDKROOT; };
		EE33573F1A8C1D1800B83EC0 /* libz.dylib */ = {isa = PBXFileReference; lastKnownFileType = "compiled.mach-o.dylib"; name = libz.dylib; path = usr/lib/libz.dylib; sourceTree = SDKROOT; };
		EE3357411A8C1D2D00B83EC0 /* libsqlite3.dylib */ = {isa = PBXFileReference; lastKnownFileType = "compiled.mach-o.dylib"; name = libsqlite3.dylib; path = usr/lib/libsqlite3.dylib; sourceTree = SDKROOT; };
		EE3357431A8C200F00B83EC0 /* Social.framework */ = {isa = PBXFileReference; lastKnownFileType = wrapper.framework; name = Social.framework; path = System/Library/Frameworks/Social.framework; sourceTree = SDKROOT; };
		EE3357451A8C202600B83EC0 /* Accounts.framework */ = {isa = PBXFileReference; lastKnownFileType = wrapper.framework; name = Accounts.framework; path = System/Library/Frameworks/Accounts.framework; sourceTree = SDKROOT; };
		EE7A6CD61A868401000447D2 /* FoosPong.app */ = {isa = PBXFileReference; explicitFileType = wrapper.application; includeInIndex = 0; path = FoosPong.app; sourceTree = BUILT_PRODUCTS_DIR; };
		EE7A6CDA1A868402000447D2 /* Info.plist */ = {isa = PBXFileReference; lastKnownFileType = text.plist.xml; path = Info.plist; sourceTree = "<group>"; };
		EE7A6CDB1A868402000447D2 /* main.m */ = {isa = PBXFileReference; lastKnownFileType = sourcecode.c.objc; path = main.m; sourceTree = "<group>"; };
		EE7A6CDD1A868402000447D2 /* AppDelegate.h */ = {isa = PBXFileReference; lastKnownFileType = sourcecode.c.h; path = AppDelegate.h; sourceTree = "<group>"; };
		EE7A6CDE1A868402000447D2 /* AppDelegate.m */ = {isa = PBXFileReference; lastKnownFileType = sourcecode.c.objc; path = AppDelegate.m; sourceTree = "<group>"; };
		EE7A6CE41A868402000447D2 /* Base */ = {isa = PBXFileReference; lastKnownFileType = file.storyboard; name = Base; path = Base.lproj/Main.storyboard; sourceTree = "<group>"; };
		EE7A6CE61A868402000447D2 /* Images.xcassets */ = {isa = PBXFileReference; lastKnownFileType = folder.assetcatalog; path = Images.xcassets; sourceTree = "<group>"; };
		EE7A6CE91A868402000447D2 /* Base */ = {isa = PBXFileReference; lastKnownFileType = file.xib; name = Base; path = Base.lproj/LaunchScreen.xib; sourceTree = "<group>"; };
		EE7A6CEF1A868402000447D2 /* FoosPongTests.xctest */ = {isa = PBXFileReference; explicitFileType = wrapper.cfbundle; includeInIndex = 0; path = FoosPongTests.xctest; sourceTree = BUILT_PRODUCTS_DIR; };
		EE7A6CF41A868402000447D2 /* Info.plist */ = {isa = PBXFileReference; lastKnownFileType = text.plist.xml; path = Info.plist; sourceTree = "<group>"; };
		EE7A6CF51A868402000447D2 /* FoosPongTests.m */ = {isa = PBXFileReference; lastKnownFileType = sourcecode.c.objc; path = FoosPongTests.m; sourceTree = "<group>"; };
		EE7A6D021A869169000447D2 /* MainViewController.h */ = {isa = PBXFileReference; fileEncoding = 4; lastKnownFileType = sourcecode.c.h; path = MainViewController.h; sourceTree = "<group>"; };
		EE7A6D031A869169000447D2 /* MainViewController.m */ = {isa = PBXFileReference; fileEncoding = 4; lastKnownFileType = sourcecode.c.objc; path = MainViewController.m; sourceTree = "<group>"; };
		EE7A6D051A869970000447D2 /* NewGameCustomTableViewCell.h */ = {isa = PBXFileReference; fileEncoding = 4; lastKnownFileType = sourcecode.c.h; path = NewGameCustomTableViewCell.h; sourceTree = "<group>"; };
		EE7A6D061A869970000447D2 /* NewGameCustomTableViewCell.m */ = {isa = PBXFileReference; fileEncoding = 4; lastKnownFileType = sourcecode.c.objc; path = NewGameCustomTableViewCell.m; sourceTree = "<group>"; };
		EE7A6D081A869CD4000447D2 /* HistoryViewController.h */ = {isa = PBXFileReference; fileEncoding = 4; lastKnownFileType = sourcecode.c.h; path = HistoryViewController.h; sourceTree = "<group>"; };
		EE7A6D091A869CD4000447D2 /* HistoryViewController.m */ = {isa = PBXFileReference; fileEncoding = 4; lastKnownFileType = sourcecode.c.objc; path = HistoryViewController.m; sourceTree = "<group>"; };
/* End PBXFileReference section */

/* Begin PBXFrameworksBuildPhase section */
		EE7A6CD31A868401000447D2 /* Frameworks */ = {
			isa = PBXFrameworksBuildPhase;
			buildActionMask = 2147483647;
			files = (
				EE3357461A8C202600B83EC0 /* Accounts.framework in Frameworks */,
				EE3357441A8C200F00B83EC0 /* Social.framework in Frameworks */,
				EE3357421A8C1D2D00B83EC0 /* libsqlite3.dylib in Frameworks */,
				EE3357401A8C1D1800B83EC0 /* libz.dylib in Frameworks */,
				EE33573E1A8C1D0400B83EC0 /* SystemConfiguration.framework in Frameworks */,
				EE33573C1A8C1CFB00B83EC0 /* StoreKit.framework in Frameworks */,
				EE33573A1A8C1CF100B83EC0 /* Security.framework in Frameworks */,
				EE3357381A8C1CE600B83EC0 /* QuartzCore.framework in Frameworks */,
				EE3357361A8C1CDB00B83EC0 /* MobileCoreServices.framework in Frameworks */,
				EE0DC00B1A8C4604000235B3 /* ParseUI.framework in Frameworks */,
				EE3357341A8C1CD100B83EC0 /* CoreLocation.framework in Frameworks */,
				EE3357321A8C1CC900B83EC0 /* CoreGraphics.framework in Frameworks */,
				EE3357301A8C1CAD00B83EC0 /* CFNetwork.framework in Frameworks */,
				EE33572E1A8C1C9B00B83EC0 /* AudioToolbox.framework in Frameworks */,
				EE33572A1A8C1C2A00B83EC0 /* Bolts.framework in Frameworks */,
				EE33572C1A8C1C4700B83EC0 /* Parse.framework in Frameworks */,
				7F7C9D7F76CC544EEC3A87D2 /* libPods-FoosPong.a in Frameworks */,
			);
			runOnlyForDeploymentPostprocessing = 0;
		};
		EE7A6CEC1A868402000447D2 /* Frameworks */ = {
			isa = PBXFrameworksBuildPhase;
			buildActionMask = 2147483647;
			files = (
			);
			runOnlyForDeploymentPostprocessing = 0;
		};
/* End PBXFrameworksBuildPhase section */

/* Begin PBXGroup section */
		6865A691876762717F24C232 /* Pods */ = {
			isa = PBXGroup;
			children = (
				6775E9090F7D5300C9E7454A /* Pods-FoosPong.debug.xcconfig */,
				E5F931099152F99036552F2B /* Pods-FoosPong.release.xcconfig */,
			);
			name = Pods;
			sourceTree = "<group>";
		};
		AED8EE843DD92B7D2CCC995D /* Frameworks */ = {
			isa = PBXGroup;
			children = (
				EE0DC00A1A8C4604000235B3 /* ParseUI.framework */,
				EE3357451A8C202600B83EC0 /* Accounts.framework */,
				EE3357431A8C200F00B83EC0 /* Social.framework */,
				EE3357411A8C1D2D00B83EC0 /* libsqlite3.dylib */,
				EE33573F1A8C1D1800B83EC0 /* libz.dylib */,
				EE33573D1A8C1D0400B83EC0 /* SystemConfiguration.framework */,
				EE33573B1A8C1CFB00B83EC0 /* StoreKit.framework */,
				EE3357391A8C1CF100B83EC0 /* Security.framework */,
				EE3357371A8C1CE600B83EC0 /* QuartzCore.framework */,
				EE3357351A8C1CDB00B83EC0 /* MobileCoreServices.framework */,
				EE3357331A8C1CD100B83EC0 /* CoreLocation.framework */,
				EE3357311A8C1CC900B83EC0 /* CoreGraphics.framework */,
				EE33572F1A8C1CAD00B83EC0 /* CFNetwork.framework */,
				EE33572D1A8C1C9B00B83EC0 /* AudioToolbox.framework */,
				B77DFF6D64A66AF6288C73B1 /* libPods-FoosPong.a */,
			);
			name = Frameworks;
			sourceTree = "<group>";
		};
		EE2C57E31A93F2BF00DA9835 /* Flat Templates */ = {
			isa = PBXGroup;
			children = (
				EE2C57DD1A93ECD200DA9835 /* BaseLoginController.h */,
				EE2C57DE1A93ECD200DA9835 /* BaseLoginController.m */,
				EE2C57E01A93F12300DA9835 /* LoginController4.h */,
				EE2C57E11A93F12300DA9835 /* LoginController4.m */,
			);
			name = "Flat Templates";
			sourceTree = "<group>";
		};
		EE2C57E41A93F51300DA9835 /* Controllers */ = {
			isa = PBXGroup;
			children = (
				EE0DC00D1A8D9456000235B3 /* UserController.h */,
				EE0DC00E1A8D9456000235B3 /* UserController.m */,
				EE0DC0101A8D96D8000235B3 /* GameController.h */,
				EE0DC0111A8D96D8000235B3 /* GameController.m */,
			);
			name = Controllers;
			sourceTree = "<group>";
		};
		EE2C57E51A93F52400DA9835 /* CustomCells */ = {
			isa = PBXGroup;
			children = (
				EE7A6D051A869970000447D2 /* NewGameCustomTableViewCell.h */,
				EE7A6D061A869970000447D2 /* NewGameCustomTableViewCell.m */,
			);
			name = CustomCells;
			sourceTree = "<group>";
		};
		EE7A6CCD1A868401000447D2 = {
			isa = PBXGroup;
			children = (
				EE7A6CD81A868401000447D2 /* FoosPong */,
				EE7A6CF21A868402000447D2 /* FoosPongTests */,
				EE7A6CD71A868401000447D2 /* Products */,
				AED8EE843DD92B7D2CCC995D /* Frameworks */,
				6865A691876762717F24C232 /* Pods */,
			);
			sourceTree = "<group>";
		};
		EE7A6CD71A868401000447D2 /* Products */ = {
			isa = PBXGroup;
			children = (
				EE7A6CD61A868401000447D2 /* FoosPong.app */,
				EE7A6CEF1A868402000447D2 /* FoosPongTests.xctest */,
			);
			name = Products;
			sourceTree = "<group>";
		};
		EE7A6CD81A868401000447D2 /* FoosPong */ = {
			isa = PBXGroup;
			children = (
				EE2C57E31A93F2BF00DA9835 /* Flat Templates */,
				EE7A6CDD1A868402000447D2 /* AppDelegate.h */,
				EE7A6CDE1A868402000447D2 /* AppDelegate.m */,
				EE7A6D021A869169000447D2 /* MainViewController.h */,
				EE7A6D031A869169000447D2 /* MainViewController.m */,
				EE2C57D71A93E50D00DA9835 /* MySignUpViewController.h */,
				EE2C57D81A93E50D00DA9835 /* MySignUpViewController.m */,
				302E41C21A86958E005F1184 /* PingPongViewController.h */,
				302E41C31A86958E005F1184 /* PingPongViewController.m */,
				302E41C51A86A195005F1184 /* ChoosePlayersViewController.h */,
				302E41C61A86A195005F1184 /* ChoosePlayersViewController.m */,
				EE3356EF1A89610B00B83EC0 /* GameViewController.h */,
				EE3356F01A89610B00B83EC0 /* GameViewController.m */,
				EE7A6D081A869CD4000447D2 /* HistoryViewController.h */,
				EE7A6D091A869CD4000447D2 /* HistoryViewController.m */,
				EE3356EC1A895F0600B83EC0 /* ProfileViewController.h */,
				EE3356ED1A895F0600B83EC0 /* ProfileViewController.m */,
				EE2C57E41A93F51300DA9835 /* Controllers */,
				EE2C57E51A93F52400DA9835 /* CustomCells */,
				EE2C57D41A93DFC600DA9835 /* UIImageView+Letters.h */,
				EE2C57D51A93DFC600DA9835 /* UIImageView+Letters.m */,
				EE0DC00C1A8C53A1000235B3 /* FoosPong-Prefix.pch */,
				EE7A6CE31A868402000447D2 /* Main.storyboard */,
				EE33572B1A8C1C4700B83EC0 /* Parse.framework */,
				EE3357291A8C1C2A00B83EC0 /* Bolts.framework */,
				EE7A6CE61A868402000447D2 /* Images.xcassets */,
				EE7A6CE81A868402000447D2 /* LaunchScreen.xib */,
				EE7A6CD91A868402000447D2 /* Supporting Files */,
			);
			path = FoosPong;
			sourceTree = "<group>";
		};
		EE7A6CD91A868402000447D2 /* Supporting Files */ = {
			isa = PBXGroup;
			children = (
				EE7A6CDA1A868402000447D2 /* Info.plist */,
				EE7A6CDB1A868402000447D2 /* main.m */,
			);
			name = "Supporting Files";
			sourceTree = "<group>";
		};
		EE7A6CF21A868402000447D2 /* FoosPongTests */ = {
			isa = PBXGroup;
			children = (
				EE7A6CF51A868402000447D2 /* FoosPongTests.m */,
				EE7A6CF31A868402000447D2 /* Supporting Files */,
			);
			path = FoosPongTests;
			sourceTree = "<group>";
		};
		EE7A6CF31A868402000447D2 /* Supporting Files */ = {
			isa = PBXGroup;
			children = (
				EE7A6CF41A868402000447D2 /* Info.plist */,
			);
			name = "Supporting Files";
			sourceTree = "<group>";
		};
/* End PBXGroup section */

/* Begin PBXNativeTarget section */
		EE7A6CD51A868401000447D2 /* FoosPong */ = {
			isa = PBXNativeTarget;
			buildConfigurationList = EE7A6CF91A868402000447D2 /* Build configuration list for PBXNativeTarget "FoosPong" */;
			buildPhases = (
				99B82E5DE6D4D1F9140260C8 /* Check Pods Manifest.lock */,
				EE7A6CD21A868401000447D2 /* Sources */,
				EE7A6CD31A868401000447D2 /* Frameworks */,
				EE7A6CD41A868401000447D2 /* Resources */,
				92310D5901CFDBFE94C2D717 /* Copy Pods Resources */,
			);
			buildRules = (
			);
			dependencies = (
			);
			name = FoosPong;
			productName = FoosPong;
			productReference = EE7A6CD61A868401000447D2 /* FoosPong.app */;
			productType = "com.apple.product-type.application";
		};
		EE7A6CEE1A868402000447D2 /* FoosPongTests */ = {
			isa = PBXNativeTarget;
			buildConfigurationList = EE7A6CFC1A868402000447D2 /* Build configuration list for PBXNativeTarget "FoosPongTests" */;
			buildPhases = (
				EE7A6CEB1A868402000447D2 /* Sources */,
				EE7A6CEC1A868402000447D2 /* Frameworks */,
				EE7A6CED1A868402000447D2 /* Resources */,
			);
			buildRules = (
			);
			dependencies = (
				EE7A6CF11A868402000447D2 /* PBXTargetDependency */,
			);
			name = FoosPongTests;
			productName = FoosPongTests;
			productReference = EE7A6CEF1A868402000447D2 /* FoosPongTests.xctest */;
			productType = "com.apple.product-type.bundle.unit-test";
		};
/* End PBXNativeTarget section */

/* Begin PBXProject section */
		EE7A6CCE1A868401000447D2 /* Project object */ = {
			isa = PBXProject;
			attributes = {
				LastUpgradeCheck = 0610;
				ORGANIZATIONNAME = Vibe;
				TargetAttributes = {
					EE7A6CD51A868401000447D2 = {
						CreatedOnToolsVersion = 6.1.1;
					};
					EE7A6CEE1A868402000447D2 = {
						CreatedOnToolsVersion = 6.1.1;
						TestTargetID = EE7A6CD51A868401000447D2;
					};
				};
			};
			buildConfigurationList = EE7A6CD11A868401000447D2 /* Build configuration list for PBXProject "FoosPong" */;
			compatibilityVersion = "Xcode 3.2";
			developmentRegion = English;
			hasScannedForEncodings = 0;
			knownRegions = (
				en,
				Base,
			);
			mainGroup = EE7A6CCD1A868401000447D2;
			productRefGroup = EE7A6CD71A868401000447D2 /* Products */;
			projectDirPath = "";
			projectRoot = "";
			targets = (
				EE7A6CD51A868401000447D2 /* FoosPong */,
				EE7A6CEE1A868402000447D2 /* FoosPongTests */,
			);
		};
/* End PBXProject section */

/* Begin PBXResourcesBuildPhase section */
		EE7A6CD41A868401000447D2 /* Resources */ = {
			isa = PBXResourcesBuildPhase;
			buildActionMask = 2147483647;
			files = (
				EE7A6CE51A868402000447D2 /* Main.storyboard in Resources */,
				EE7A6CEA1A868402000447D2 /* LaunchScreen.xib in Resources */,
				EE7A6CE71A868402000447D2 /* Images.xcassets in Resources */,
			);
			runOnlyForDeploymentPostprocessing = 0;
		};
		EE7A6CED1A868402000447D2 /* Resources */ = {
			isa = PBXResourcesBuildPhase;
			buildActionMask = 2147483647;
			files = (
			);
			runOnlyForDeploymentPostprocessing = 0;
		};
/* End PBXResourcesBuildPhase section */

/* Begin PBXShellScriptBuildPhase section */
		92310D5901CFDBFE94C2D717 /* Copy Pods Resources */ = {
			isa = PBXShellScriptBuildPhase;
			buildActionMask = 2147483647;
			files = (
			);
			inputPaths = (
			);
			name = "Copy Pods Resources";
			outputPaths = (
			);
			runOnlyForDeploymentPostprocessing = 0;
			shellPath = /bin/sh;
			shellScript = "\"${SRCROOT}/Pods/Target Support Files/Pods-FoosPong/Pods-FoosPong-resources.sh\"\n";
			showEnvVarsInLog = 0;
		};
		99B82E5DE6D4D1F9140260C8 /* Check Pods Manifest.lock */ = {
			isa = PBXShellScriptBuildPhase;
			buildActionMask = 2147483647;
			files = (
			);
			inputPaths = (
			);
			name = "Check Pods Manifest.lock";
			outputPaths = (
			);
			runOnlyForDeploymentPostprocessing = 0;
			shellPath = /bin/sh;
			shellScript = "diff \"${PODS_ROOT}/../Podfile.lock\" \"${PODS_ROOT}/Manifest.lock\" > /dev/null\nif [[ $? != 0 ]] ; then\n    cat << EOM\nerror: The sandbox is not in sync with the Podfile.lock. Run 'pod install' or update your CocoaPods installation.\nEOM\n    exit 1\nfi\n";
			showEnvVarsInLog = 0;
		};
/* End PBXShellScriptBuildPhase section */

/* Begin PBXSourcesBuildPhase section */
		EE7A6CD21A868401000447D2 /* Sources */ = {
			isa = PBXSourcesBuildPhase;
			buildActionMask = 2147483647;
			files = (
				EE7A6D071A869970000447D2 /* NewGameCustomTableViewCell.m in Sources */,
				302E41C41A86958E005F1184 /* PingPongViewController.m in Sources */,
				EE0DC00F1A8D9456000235B3 /* UserController.m in Sources */,
				EE3356EE1A895F0600B83EC0 /* ProfileViewController.m in Sources */,
				EE0DC0121A8D96D8000235B3 /* GameController.m in Sources */,
				EE7A6CDF1A868402000447D2 /* AppDelegate.m in Sources */,
				EE3356F11A89610B00B83EC0 /* GameViewController.m in Sources */,
				EE7A6D041A869169000447D2 /* MainViewController.m in Sources */,
				EE7A6CDC1A868402000447D2 /* main.m in Sources */,
				EE2C57DF1A93ECD200DA9835 /* BaseLoginController.m in Sources */,
				302E41C71A86A195005F1184 /* ChoosePlayersViewController.m in Sources */,
				EE2C57D61A93DFC600DA9835 /* UIImageView+Letters.m in Sources */,
				EE2C57D91A93E50D00DA9835 /* MySignUpViewController.m in Sources */,
				EE7A6D0A1A869CD4000447D2 /* HistoryViewController.m in Sources */,
				EE2C57E21A93F12300DA9835 /* LoginController4.m in Sources */,
			);
			runOnlyForDeploymentPostprocessing = 0;
		};
		EE7A6CEB1A868402000447D2 /* Sources */ = {
			isa = PBXSourcesBuildPhase;
			buildActionMask = 2147483647;
			files = (
				EE7A6CF61A868402000447D2 /* FoosPongTests.m in Sources */,
			);
			runOnlyForDeploymentPostprocessing = 0;
		};
/* End PBXSourcesBuildPhase section */

/* Begin PBXTargetDependency section */
		EE7A6CF11A868402000447D2 /* PBXTargetDependency */ = {
			isa = PBXTargetDependency;
			target = EE7A6CD51A868401000447D2 /* FoosPong */;
			targetProxy = EE7A6CF01A868402000447D2 /* PBXContainerItemProxy */;
		};
/* End PBXTargetDependency section */

/* Begin PBXVariantGroup section */
		EE7A6CE31A868402000447D2 /* Main.storyboard */ = {
			isa = PBXVariantGroup;
			children = (
				EE7A6CE41A868402000447D2 /* Base */,
			);
			name = Main.storyboard;
			sourceTree = "<group>";
		};
		EE7A6CE81A868402000447D2 /* LaunchScreen.xib */ = {
			isa = PBXVariantGroup;
			children = (
				EE7A6CE91A868402000447D2 /* Base */,
			);
			name = LaunchScreen.xib;
			sourceTree = "<group>";
		};
/* End PBXVariantGroup section */

/* Begin XCBuildConfiguration section */
		EE7A6CF71A868402000447D2 /* Debug */ = {
			isa = XCBuildConfiguration;
			buildSettings = {
				ALWAYS_SEARCH_USER_PATHS = NO;
				CLANG_CXX_LANGUAGE_STANDARD = "gnu++0x";
				CLANG_CXX_LIBRARY = "libc++";
				CLANG_ENABLE_MODULES = YES;
				CLANG_ENABLE_OBJC_ARC = YES;
				CLANG_WARN_BOOL_CONVERSION = YES;
				CLANG_WARN_CONSTANT_CONVERSION = YES;
				CLANG_WARN_DIRECT_OBJC_ISA_USAGE = YES_ERROR;
				CLANG_WARN_EMPTY_BODY = YES;
				CLANG_WARN_ENUM_CONVERSION = YES;
				CLANG_WARN_INT_CONVERSION = YES;
				CLANG_WARN_OBJC_ROOT_CLASS = YES_ERROR;
				CLANG_WARN_UNREACHABLE_CODE = YES;
				CLANG_WARN__DUPLICATE_METHOD_MATCH = YES;
				"CODE_SIGN_IDENTITY[sdk=iphoneos*]" = "iPhone Developer";
				COPY_PHASE_STRIP = NO;
				ENABLE_STRICT_OBJC_MSGSEND = YES;
				GCC_C_LANGUAGE_STANDARD = gnu99;
				GCC_DYNAMIC_NO_PIC = NO;
				GCC_OPTIMIZATION_LEVEL = 0;
				GCC_PREPROCESSOR_DEFINITIONS = (
					"DEBUG=1",
					"$(inherited)",
				);
				GCC_SYMBOLS_PRIVATE_EXTERN = NO;
				GCC_WARN_64_TO_32_BIT_CONVERSION = YES;
				GCC_WARN_ABOUT_RETURN_TYPE = YES_ERROR;
				GCC_WARN_UNDECLARED_SELECTOR = YES;
				GCC_WARN_UNINITIALIZED_AUTOS = YES_AGGRESSIVE;
				GCC_WARN_UNUSED_FUNCTION = YES;
				GCC_WARN_UNUSED_VARIABLE = YES;
				IPHONEOS_DEPLOYMENT_TARGET = 8.1;
				MTL_ENABLE_DEBUG_INFO = YES;
				ONLY_ACTIVE_ARCH = YES;
				SDKROOT = iphoneos;
			};
			name = Debug;
		};
		EE7A6CF81A868402000447D2 /* Release */ = {
			isa = XCBuildConfiguration;
			buildSettings = {
				ALWAYS_SEARCH_USER_PATHS = NO;
				CLANG_CXX_LANGUAGE_STANDARD = "gnu++0x";
				CLANG_CXX_LIBRARY = "libc++";
				CLANG_ENABLE_MODULES = YES;
				CLANG_ENABLE_OBJC_ARC = YES;
				CLANG_WARN_BOOL_CONVERSION = YES;
				CLANG_WARN_CONSTANT_CONVERSION = YES;
				CLANG_WARN_DIRECT_OBJC_ISA_USAGE = YES_ERROR;
				CLANG_WARN_EMPTY_BODY = YES;
				CLANG_WARN_ENUM_CONVERSION = YES;
				CLANG_WARN_INT_CONVERSION = YES;
				CLANG_WARN_OBJC_ROOT_CLASS = YES_ERROR;
				CLANG_WARN_UNREACHABLE_CODE = YES;
				CLANG_WARN__DUPLICATE_METHOD_MATCH = YES;
				"CODE_SIGN_IDENTITY[sdk=iphoneos*]" = "iPhone Developer";
				COPY_PHASE_STRIP = YES;
				ENABLE_NS_ASSERTIONS = NO;
				ENABLE_STRICT_OBJC_MSGSEND = YES;
				GCC_C_LANGUAGE_STANDARD = gnu99;
				GCC_WARN_64_TO_32_BIT_CONVERSION = YES;
				GCC_WARN_ABOUT_RETURN_TYPE = YES_ERROR;
				GCC_WARN_UNDECLARED_SELECTOR = YES;
				GCC_WARN_UNINITIALIZED_AUTOS = YES_AGGRESSIVE;
				GCC_WARN_UNUSED_FUNCTION = YES;
				GCC_WARN_UNUSED_VARIABLE = YES;
				IPHONEOS_DEPLOYMENT_TARGET = 8.1;
				MTL_ENABLE_DEBUG_INFO = NO;
				SDKROOT = iphoneos;
				VALIDATE_PRODUCT = YES;
			};
			name = Release;
		};
		EE7A6CFA1A868402000447D2 /* Debug */ = {
			isa = XCBuildConfiguration;
			baseConfigurationReference = 6775E9090F7D5300C9E7454A /* Pods-FoosPong.debug.xcconfig */;
			buildSettings = {
				ASSETCATALOG_COMPILER_APPICON_NAME = AppIcon;
				FRAMEWORK_SEARCH_PATHS = (
					"$(inherited)",
					"/Users/derikflanary/Downloads/parse-library-1.6.2",
					"$(PROJECT_DIR)/FoosPong",
					"$(PROJECT_DIR)",
				);
				GCC_PREFIX_HEADER = "FoosPong/FoosPong-Prefix.pch";
				INFOPLIST_FILE = FoosPong/Info.plist;
				LD_RUNPATH_SEARCH_PATHS = "$(inherited) @executable_path/Frameworks";
				PRODUCT_NAME = "$(TARGET_NAME)";
			};
			name = Debug;
		};
		EE7A6CFB1A868402000447D2 /* Release */ = {
			isa = XCBuildConfiguration;
			baseConfigurationReference = E5F931099152F99036552F2B /* Pods-FoosPong.release.xcconfig */;
			buildSettings = {
				ASSETCATALOG_COMPILER_APPICON_NAME = AppIcon;
				FRAMEWORK_SEARCH_PATHS = (
					"$(inherited)",
					"/Users/derikflanary/Downloads/parse-library-1.6.2",
					"$(PROJECT_DIR)/FoosPong",
					"$(PROJECT_DIR)",
				);
				GCC_PREFIX_HEADER = "FoosPong/FoosPong-Prefix.pch";
				INFOPLIST_FILE = FoosPong/Info.plist;
				LD_RUNPATH_SEARCH_PATHS = "$(inherited) @executable_path/Frameworks";
				PRODUCT_NAME = "$(TARGET_NAME)";
			};
			name = Release;
		};
		EE7A6CFD1A868402000447D2 /* Debug */ = {
			isa = XCBuildConfiguration;
			buildSettings = {
				BUNDLE_LOADER = "$(TEST_HOST)";
				FRAMEWORK_SEARCH_PATHS = (
					"$(SDKROOT)/Developer/Library/Frameworks",
					"$(inherited)",
				);
				GCC_PREPROCESSOR_DEFINITIONS = (
					"DEBUG=1",
					"$(inherited)",
				);
				INFOPLIST_FILE = FoosPongTests/Info.plist;
				LD_RUNPATH_SEARCH_PATHS = "$(inherited) @executable_path/Frameworks @loader_path/Frameworks";
				PRODUCT_NAME = "$(TARGET_NAME)";
				TEST_HOST = "$(BUILT_PRODUCTS_DIR)/FoosPong.app/FoosPong";
			};
			name = Debug;
		};
		EE7A6CFE1A868402000447D2 /* Release */ = {
			isa = XCBuildConfiguration;
			buildSettings = {
				BUNDLE_LOADER = "$(TEST_HOST)";
				FRAMEWORK_SEARCH_PATHS = (
					"$(SDKROOT)/Developer/Library/Frameworks",
					"$(inherited)",
				);
				INFOPLIST_FILE = FoosPongTests/Info.plist;
				LD_RUNPATH_SEARCH_PATHS = "$(inherited) @executable_path/Frameworks @loader_path/Frameworks";
				PRODUCT_NAME = "$(TARGET_NAME)";
				TEST_HOST = "$(BUILT_PRODUCTS_DIR)/FoosPong.app/FoosPong";
			};
			name = Release;
		};
/* End XCBuildConfiguration section */

/* Begin XCConfigurationList section */
		EE7A6CD11A868401000447D2 /* Build configuration list for PBXProject "FoosPong" */ = {
			isa = XCConfigurationList;
			buildConfigurations = (
				EE7A6CF71A868402000447D2 /* Debug */,
				EE7A6CF81A868402000447D2 /* Release */,
			);
			defaultConfigurationIsVisible = 0;
			defaultConfigurationName = Release;
		};
		EE7A6CF91A868402000447D2 /* Build configuration list for PBXNativeTarget "FoosPong" */ = {
			isa = XCConfigurationList;
			buildConfigurations = (
				EE7A6CFA1A868402000447D2 /* Debug */,
				EE7A6CFB1A868402000447D2 /* Release */,
			);
			defaultConfigurationIsVisible = 0;
			defaultConfigurationName = Release;
		};
		EE7A6CFC1A868402000447D2 /* Build configuration list for PBXNativeTarget "FoosPongTests" */ = {
			isa = XCConfigurationList;
			buildConfigurations = (
				EE7A6CFD1A868402000447D2 /* Debug */,
				EE7A6CFE1A868402000447D2 /* Release */,
			);
			defaultConfigurationIsVisible = 0;
			defaultConfigurationName = Release;
		};
/* End XCConfigurationList section */
	};
	rootObject = EE7A6CCE1A868401000447D2 /* Project object */;
}
