// !$*UTF8*$!
{
	archiveVersion = 1;
	classes = {
	};
	objectVersion = 46;
	objects = {

/* Begin PBXBuildFile section */
		302E41C41A86958E005F1184 /* PingPongViewController.m in Sources */ = {isa = PBXBuildFile; fileRef = 302E41C31A86958E005F1184 /* PingPongViewController.m */; };
		EE7A6CDC1A868402000447D2 /* main.m in Sources */ = {isa = PBXBuildFile; fileRef = EE7A6CDB1A868402000447D2 /* main.m */; };
		EE7A6CDF1A868402000447D2 /* AppDelegate.m in Sources */ = {isa = PBXBuildFile; fileRef = EE7A6CDE1A868402000447D2 /* AppDelegate.m */; };
		EE7A6CE51A868402000447D2 /* Main.storyboard in Resources */ = {isa = PBXBuildFile; fileRef = EE7A6CE31A868402000447D2 /* Main.storyboard */; };
		EE7A6CE71A868402000447D2 /* Images.xcassets in Resources */ = {isa = PBXBuildFile; fileRef = EE7A6CE61A868402000447D2 /* Images.xcassets */; };
		EE7A6CEA1A868402000447D2 /* LaunchScreen.xib in Resources */ = {isa = PBXBuildFile; fileRef = EE7A6CE81A868402000447D2 /* LaunchScreen.xib */; };
		EE7A6CF61A868402000447D2 /* FoosPongTests.m in Sources */ = {isa = PBXBuildFile; fileRef = EE7A6CF51A868402000447D2 /* FoosPongTests.m */; };
		EE7A6D041A869169000447D2 /* MainViewController.m in Sources */ = {isa = PBXBuildFile; fileRef = EE7A6D031A869169000447D2 /* MainViewController.m */; };
		EE7A6D071A869970000447D2 /* NewGameCustomTableViewCell.m in Sources */ = {isa = PBXBuildFile; fileRef = EE7A6D061A869970000447D2 /* NewGameCustomTableViewCell.m */; };
		EE7A6D0A1A869CD4000447D2 /* HistoryViewController.m in Sources */ = {isa = PBXBuildFile; fileRef = EE7A6D091A869CD4000447D2 /* HistoryViewController.m */; };
/* End PBXBuildFile section */

/* Begin PBXContainerItemProxy section */
		EE7A6CF01A868402000447D2 /* PBXContainerItemProxy */ = {
			isa = PBXContainerItemProxy;
			containerPortal = EE7A6CCE1A868401000447D2 /* Project object */;
			proxyType = 1;
			remoteGlobalIDString = EE7A6CD51A868401000447D2;
			remoteInfo = FoosPong;
		};
/* End PBXContainerItemProxy section */

/* Begin PBXFileReference section */
		302E41C21A86958E005F1184 /* PingPongViewController.h */ = {isa = PBXFileReference; fileEncoding = 4; lastKnownFileType = sourcecode.c.h; name = PingPongViewController.h; path = ../PingPongViewController.h; sourceTree = "<group>"; };
		302E41C31A86958E005F1184 /* PingPongViewController.m */ = {isa = PBXFileReference; fileEncoding = 4; lastKnownFileType = sourcecode.c.objc; name = PingPongViewController.m; path = ../PingPongViewController.m; sourceTree = "<group>"; };
		EE7A6CD61A868401000447D2 /* FoosPong.app */ = {isa = PBXFileReference; explicitFileType = wrapper.application; includeInIndex = 0; path = FoosPong.app; sourceTree = BUILT_PRODUCTS_DIR; };
		EE7A6CDA1A868402000447D2 /* Info.plist */ = {isa = PBXFileReference; lastKnownFileType = text.plist.xml; path = Info.plist; sourceTree = "<group>"; };
		EE7A6CDB1A868402000447D2 /* main.m */ = {isa = PBXFileReference; lastKnownFileType = sourcecode.c.objc; path = main.m; sourceTree = "<group>"; };
		EE7A6CDD1A868402000447D2 /* AppDelegate.h */ = {isa = PBXFileReference; lastKnownFileType = sourcecode.c.h; path = AppDelegate.h; sourceTree = "<group>"; };
		EE7A6CDE1A868402000447D2 /* AppDelegate.m */ = {isa = PBXFileReference; lastKnownFileType = sourcecode.c.objc; path = AppDelegate.m; sourceTree = "<group>"; };
		EE7A6CE41A868402000447D2 /* Base */ = {isa = PBXFileReference; lastKnownFileType = file.storyboard; name = Base; path = Base.lproj/Main.storyboard; sourceTree = "<group>"; };
		EE7A6CE61A868402000447D2 /* Images.xcassets */ = {isa = PBXFileReference; lastKnownFileType = folder.assetcatalog; path = Images.xcassets; sourceTree = "<group>"; };
		EE7A6CE91A868402000447D2 /* Base */ = {isa = PBXFileReference; lastKnownFileType = file.xib; name = Base; path = Base.lproj/LaunchScreen.xib; sourceTree = "<group>"; };
		EE7A6CEF1A868402000447D2 /* FoosPongTests.xctest */ = {isa = PBXFileReference; explicitFileType = wrapper.cfbundle; includeInIndex = 0; path = FoosPongTests.xctest; sourceTree = BUILT_PRODUCTS_DIR; };
		EE7A6CF41A868402000447D2 /* Info.plist */ = {isa = PBXFileReference; lastKnownFileType = text.plist.xml; path = Info.plist; sourceTree = "<group>"; };
		EE7A6CF51A868402000447D2 /* FoosPongTests.m */ = {isa = PBXFileReference; lastKnownFileType = sourcecode.c.objc; path = FoosPongTests.m; sourceTree = "<group>"; };
		EE7A6D021A869169000447D2 /* MainViewController.h */ = {isa = PBXFileReference; fileEncoding = 4; lastKnownFileType = sourcecode.c.h; path = MainViewController.h; sourceTree = "<group>"; };
		EE7A6D031A869169000447D2 /* MainViewController.m */ = {isa = PBXFileReference; fileEncoding = 4; lastKnownFileType = sourcecode.c.objc; path = MainViewController.m; sourceTree = "<group>"; };
		EE7A6D051A869970000447D2 /* NewGameCustomTableViewCell.h */ = {isa = PBXFileReference; fileEncoding = 4; lastKnownFileType = sourcecode.c.h; path = NewGameCustomTableViewCell.h; sourceTree = "<group>"; };
		EE7A6D061A869970000447D2 /* NewGameCustomTableViewCell.m */ = {isa = PBXFileReference; fileEncoding = 4; lastKnownFileType = sourcecode.c.objc; path = NewGameCustomTableViewCell.m; sourceTree = "<group>"; };
		EE7A6D081A869CD4000447D2 /* HistoryViewController.h */ = {isa = PBXFileReference; fileEncoding = 4; lastKnownFileType = sourcecode.c.h; path = HistoryViewController.h; sourceTree = "<group>"; };
		EE7A6D091A869CD4000447D2 /* HistoryViewController.m */ = {isa = PBXFileReference; fileEncoding = 4; lastKnownFileType = sourcecode.c.objc; path = HistoryViewController.m; sourceTree = "<group>"; };
/* End PBXFileReference section */

/* Begin PBXFrameworksBuildPhase section */
		EE7A6CD31A868401000447D2 /* Frameworks */ = {
			isa = PBXFrameworksBuildPhase;
			buildActionMask = 2147483647;
			files = (
			);
			runOnlyForDeploymentPostprocessing = 0;
		};
		EE7A6CEC1A868402000447D2 /* Frameworks */ = {
			isa = PBXFrameworksBuildPhase;
			buildActionMask = 2147483647;
			files = (
			);
			runOnlyForDeploymentPostprocessing = 0;
		};
/* End PBXFrameworksBuildPhase section */

/* Begin PBXGroup section */
		EE7A6CCD1A868401000447D2 = {
			isa = PBXGroup;
			children = (
				EE7A6CD81A868401000447D2 /* FoosPong */,
				EE7A6CF21A868402000447D2 /* FoosPongTests */,
				EE7A6CD71A868401000447D2 /* Products */,
			);
			sourceTree = "<group>";
		};
		EE7A6CD71A868401000447D2 /* Products */ = {
			isa = PBXGroup;
			children = (
				EE7A6CD61A868401000447D2 /* FoosPong.app */,
				EE7A6CEF1A868402000447D2 /* FoosPongTests.xctest */,
			);
			name = Products;
			sourceTree = "<group>";
		};
		EE7A6CD81A868401000447D2 /* FoosPong */ = {
			isa = PBXGroup;
			children = (
				EE7A6CDD1A868402000447D2 /* AppDelegate.h */,
				EE7A6CDE1A868402000447D2 /* AppDelegate.m */,
				EE7A6D021A869169000447D2 /* MainViewController.h */,
				EE7A6D031A869169000447D2 /* MainViewController.m */,
				302E41C21A86958E005F1184 /* PingPongViewController.h */,
				302E41C31A86958E005F1184 /* PingPongViewController.m */,
				EE7A6D081A869CD4000447D2 /* HistoryViewController.h */,
				EE7A6D091A869CD4000447D2 /* HistoryViewController.m */,
				EE7A6D051A869970000447D2 /* NewGameCustomTableViewCell.h */,
				EE7A6D061A869970000447D2 /* NewGameCustomTableViewCell.m */,
				EE7A6CE31A868402000447D2 /* Main.storyboard */,
				EE7A6CE61A868402000447D2 /* Images.xcassets */,
				EE7A6CE81A868402000447D2 /* LaunchScreen.xib */,
				EE7A6CD91A868402000447D2 /* Supporting Files */,
			);
			path = FoosPong;
			sourceTree = "<group>";
		};
		EE7A6CD91A868402000447D2 /* Supporting Files */ = {
			isa = PBXGroup;
			children = (
				EE7A6CDA1A868402000447D2 /* Info.plist */,
				EE7A6CDB1A868402000447D2 /* main.m */,
			);
			name = "Supporting Files";
			sourceTree = "<group>";
		};
		EE7A6CF21A868402000447D2 /* FoosPongTests */ = {
			isa = PBXGroup;
			children = (
				EE7A6CF51A868402000447D2 /* FoosPongTests.m */,
				EE7A6CF31A868402000447D2 /* Supporting Files */,
			);
			path = FoosPongTests;
			sourceTree = "<group>";
		};
		EE7A6CF31A868402000447D2 /* Supporting Files */ = {
			isa = PBXGroup;
			children = (
				EE7A6CF41A868402000447D2 /* Info.plist */,
			);
			name = "Supporting Files";
			sourceTree = "<group>";
		};
/* End PBXGroup section */

/* Begin PBXNativeTarget section */
		EE7A6CD51A868401000447D2 /* FoosPong */ = {
			isa = PBXNativeTarget;
			buildConfigurationList = EE7A6CF91A868402000447D2 /* Build configuration list for PBXNativeTarget "FoosPong" */;
			buildPhases = (
				EE7A6CD21A868401000447D2 /* Sources */,
				EE7A6CD31A868401000447D2 /* Frameworks */,
				EE7A6CD41A868401000447D2 /* Resources */,
			);
			buildRules = (
			);
			dependencies = (
			);
			name = FoosPong;
			productName = FoosPong;
			productReference = EE7A6CD61A868401000447D2 /* FoosPong.app */;
			productType = "com.apple.product-type.application";
		};
		EE7A6CEE1A868402000447D2 /* FoosPongTests */ = {
			isa = PBXNativeTarget;
			buildConfigurationList = EE7A6CFC1A868402000447D2 /* Build configuration list for PBXNativeTarget "FoosPongTests" */;
			buildPhases = (
				EE7A6CEB1A868402000447D2 /* Sources */,
				EE7A6CEC1A868402000447D2 /* Frameworks */,
				EE7A6CED1A868402000447D2 /* Resources */,
			);
			buildRules = (
			);
			dependencies = (
				EE7A6CF11A868402000447D2 /* PBXTargetDependency */,
			);
			name = FoosPongTests;
			productName = FoosPongTests;
			productReference = EE7A6CEF1A868402000447D2 /* FoosPongTests.xctest */;
			productType = "com.apple.product-type.bundle.unit-test";
		};
/* End PBXNativeTarget section */

/* Begin PBXProject section */
		EE7A6CCE1A868401000447D2 /* Project object */ = {
			isa = PBXProject;
			attributes = {
				LastUpgradeCheck = 0610;
				ORGANIZATIONNAME = Vibe;
				TargetAttributes = {
					EE7A6CD51A868401000447D2 = {
						CreatedOnToolsVersion = 6.1.1;
					};
					EE7A6CEE1A868402000447D2 = {
						CreatedOnToolsVersion = 6.1.1;
						TestTargetID = EE7A6CD51A868401000447D2;
					};
				};
			};
			buildConfigurationList = EE7A6CD11A868401000447D2 /* Build configuration list for PBXProject "FoosPong" */;
			compatibilityVersion = "Xcode 3.2";
			developmentRegion = English;
			hasScannedForEncodings = 0;
			knownRegions = (
				en,
				Base,
			);
			mainGroup = EE7A6CCD1A868401000447D2;
			productRefGroup = EE7A6CD71A868401000447D2 /* Products */;
			projectDirPath = "";
			projectRoot = "";
			targets = (
				EE7A6CD51A868401000447D2 /* FoosPong */,
				EE7A6CEE1A868402000447D2 /* FoosPongTests */,
			);
		};
/* End PBXProject section */

/* Begin PBXResourcesBuildPhase section */
		EE7A6CD41A868401000447D2 /* Resources */ = {
			isa = PBXResourcesBuildPhase;
			buildActionMask = 2147483647;
			files = (
				EE7A6CE51A868402000447D2 /* Main.storyboard in Resources */,
				EE7A6CEA1A868402000447D2 /* LaunchScreen.xib in Resources */,
				EE7A6CE71A868402000447D2 /* Images.xcassets in Resources */,
			);
			runOnlyForDeploymentPostprocessing = 0;
		};
		EE7A6CED1A868402000447D2 /* Resources */ = {
			isa = PBXResourcesBuildPhase;
			buildActionMask = 2147483647;
			files = (
			);
			runOnlyForDeploymentPostprocessing = 0;
		};
/* End PBXResourcesBuildPhase section */

/* Begin PBXSourcesBuildPhase section */
		EE7A6CD21A868401000447D2 /* Sources */ = {
			isa = PBXSourcesBuildPhase;
			buildActionMask = 2147483647;
			files = (
				EE7A6D071A869970000447D2 /* NewGameCustomTableViewCell.m in Sources */,
				302E41C41A86958E005F1184 /* PingPongViewController.m in Sources */,
				EE7A6CDF1A868402000447D2 /* AppDelegate.m in Sources */,
				EE7A6D041A869169000447D2 /* MainViewController.m in Sources */,
				EE7A6CDC1A868402000447D2 /* main.m in Sources */,
				EE7A6D0A1A869CD4000447D2 /* HistoryViewController.m in Sources */,
			);
			runOnlyForDeploymentPostprocessing = 0;
		};
		EE7A6CEB1A868402000447D2 /* Sources */ = {
			isa = PBXSourcesBuildPhase;
			buildActionMask = 2147483647;
			files = (
				EE7A6CF61A868402000447D2 /* FoosPongTests.m in Sources */,
			);
			runOnlyForDeploymentPostprocessing = 0;
		};
/* End PBXSourcesBuildPhase section */

/* Begin PBXTargetDependency section */
		EE7A6CF11A868402000447D2 /* PBXTargetDependency */ = {
			isa = PBXTargetDependency;
			target = EE7A6CD51A868401000447D2 /* FoosPong */;
			targetProxy = EE7A6CF01A868402000447D2 /* PBXContainerItemProxy */;
		};
/* End PBXTargetDependency section */

/* Begin PBXVariantGroup section */
		EE7A6CE31A868402000447D2 /* Main.storyboard */ = {
			isa = PBXVariantGroup;
			children = (
				EE7A6CE41A868402000447D2 /* Base */,
			);
			name = Main.storyboard;
			sourceTree = "<group>";
		};
		EE7A6CE81A868402000447D2 /* LaunchScreen.xib */ = {
			isa = PBXVariantGroup;
			children = (
				EE7A6CE91A868402000447D2 /* Base */,
			);
			name = LaunchScreen.xib;
			sourceTree = "<group>";
		};
/* End PBXVariantGroup section */

/* Begin XCBuildConfiguration section */
		EE7A6CF71A868402000447D2 /* Debug */ = {
			isa = XCBuildConfiguration;
			buildSettings = {
				ALWAYS_SEARCH_USER_PATHS = NO;
				CLANG_CXX_LANGUAGE_STANDARD = "gnu++0x";
				CLANG_CXX_LIBRARY = "libc++";
				CLANG_ENABLE_MODULES = YES;
				CLANG_ENABLE_OBJC_ARC = YES;
				CLANG_WARN_BOOL_CONVERSION = YES;
				CLANG_WARN_CONSTANT_CONVERSION = YES;
				CLANG_WARN_DIRECT_OBJC_ISA_USAGE = YES_ERROR;
				CLANG_WARN_EMPTY_BODY = YES;
				CLANG_WARN_ENUM_CONVERSION = YES;
				CLANG_WARN_INT_CONVERSION = YES;
				CLANG_WARN_OBJC_ROOT_CLASS = YES_ERROR;
				CLANG_WARN_UNREACHABLE_CODE = YES;
				CLANG_WARN__DUPLICATE_METHOD_MATCH = YES;
				"CODE_SIGN_IDENTITY[sdk=iphoneos*]" = "iPhone Developer";
				COPY_PHASE_STRIP = NO;
				ENABLE_STRICT_OBJC_MSGSEND = YES;
				GCC_C_LANGUAGE_STANDARD = gnu99;
				GCC_DYNAMIC_NO_PIC = NO;
				GCC_OPTIMIZATION_LEVEL = 0;
				GCC_PREPROCESSOR_DEFINITIONS = (
					"DEBUG=1",
					"$(inherited)",
				);
				GCC_SYMBOLS_PRIVATE_EXTERN = NO;
				GCC_WARN_64_TO_32_BIT_CONVERSION = YES;
				GCC_WARN_ABOUT_RETURN_TYPE = YES_ERROR;
				GCC_WARN_UNDECLARED_SELECTOR = YES;
				GCC_WARN_UNINITIALIZED_AUTOS = YES_AGGRESSIVE;
				GCC_WARN_UNUSED_FUNCTION = YES;
				GCC_WARN_UNUSED_VARIABLE = YES;
				IPHONEOS_DEPLOYMENT_TARGET = 8.1;
				MTL_ENABLE_DEBUG_INFO = YES;
				ONLY_ACTIVE_ARCH = YES;
				SDKROOT = iphoneos;
			};
			name = Debug;
		};
		EE7A6CF81A868402000447D2 /* Release */ = {
			isa = XCBuildConfiguration;
			buildSettings = {
				ALWAYS_SEARCH_USER_PATHS = NO;
				CLANG_CXX_LANGUAGE_STANDARD = "gnu++0x";
				CLANG_CXX_LIBRARY = "libc++";
				CLANG_ENABLE_MODULES = YES;
				CLANG_ENABLE_OBJC_ARC = YES;
				CLANG_WARN_BOOL_CONVERSION = YES;
				CLANG_WARN_CONSTANT_CONVERSION = YES;
				CLANG_WARN_DIRECT_OBJC_ISA_USAGE = YES_ERROR;
				CLANG_WARN_EMPTY_BODY = YES;
				CLANG_WARN_ENUM_CONVERSION = YES;
				CLANG_WARN_INT_CONVERSION = YES;
				CLANG_WARN_OBJC_ROOT_CLASS = YES_ERROR;
				CLANG_WARN_UNREACHABLE_CODE = YES;
				CLANG_WARN__DUPLICATE_METHOD_MATCH = YES;
				"CODE_SIGN_IDENTITY[sdk=iphoneos*]" = "iPhone Developer";
				COPY_PHASE_STRIP = YES;
				ENABLE_NS_ASSERTIONS = NO;
				ENABLE_STRICT_OBJC_MSGSEND = YES;
				GCC_C_LANGUAGE_STANDARD = gnu99;
				GCC_WARN_64_TO_32_BIT_CONVERSION = YES;
				GCC_WARN_ABOUT_RETURN_TYPE = YES_ERROR;
				GCC_WARN_UNDECLARED_SELECTOR = YES;
				GCC_WARN_UNINITIALIZED_AUTOS = YES_AGGRESSIVE;
				GCC_WARN_UNUSED_FUNCTION = YES;
				GCC_WARN_UNUSED_VARIABLE = YES;
				IPHONEOS_DEPLOYMENT_TARGET = 8.1;
				MTL_ENABLE_DEBUG_INFO = NO;
				SDKROOT = iphoneos;
				VALIDATE_PRODUCT = YES;
			};
			name = Release;
		};
		EE7A6CFA1A868402000447D2 /* Debug */ = {
			isa = XCBuildConfiguration;
			buildSettings = {
				ASSETCATALOG_COMPILER_APPICON_NAME = AppIcon;
				INFOPLIST_FILE = FoosPong/Info.plist;
				LD_RUNPATH_SEARCH_PATHS = "$(inherited) @executable_path/Frameworks";
				PRODUCT_NAME = "$(TARGET_NAME)";
			};
			name = Debug;
		};
		EE7A6CFB1A868402000447D2 /* Release */ = {
			isa = XCBuildConfiguration;
			buildSettings = {
				ASSETCATALOG_COMPILER_APPICON_NAME = AppIcon;
				INFOPLIST_FILE = FoosPong/Info.plist;
				LD_RUNPATH_SEARCH_PATHS = "$(inherited) @executable_path/Frameworks";
				PRODUCT_NAME = "$(TARGET_NAME)";
			};
			name = Release;
		};
		EE7A6CFD1A868402000447D2 /* Debug */ = {
			isa = XCBuildConfiguration;
			buildSettings = {
				BUNDLE_LOADER = "$(TEST_HOST)";
				FRAMEWORK_SEARCH_PATHS = (
					"$(SDKROOT)/Developer/Library/Frameworks",
					"$(inherited)",
				);
				GCC_PREPROCESSOR_DEFINITIONS = (
					"DEBUG=1",
					"$(inherited)",
				);
				INFOPLIST_FILE = FoosPongTests/Info.plist;
				LD_RUNPATH_SEARCH_PATHS = "$(inherited) @executable_path/Frameworks @loader_path/Frameworks";
				PRODUCT_NAME = "$(TARGET_NAME)";
				TEST_HOST = "$(BUILT_PRODUCTS_DIR)/FoosPong.app/FoosPong";
			};
			name = Debug;
		};
		EE7A6CFE1A868402000447D2 /* Release */ = {
			isa = XCBuildConfiguration;
			buildSettings = {
				BUNDLE_LOADER = "$(TEST_HOST)";
				FRAMEWORK_SEARCH_PATHS = (
					"$(SDKROOT)/Developer/Library/Frameworks",
					"$(inherited)",
				);
				INFOPLIST_FILE = FoosPongTests/Info.plist;
				LD_RUNPATH_SEARCH_PATHS = "$(inherited) @executable_path/Frameworks @loader_path/Frameworks";
				PRODUCT_NAME = "$(TARGET_NAME)";
				TEST_HOST = "$(BUILT_PRODUCTS_DIR)/FoosPong.app/FoosPong";
			};
			name = Release;
		};
/* End XCBuildConfiguration section */

/* Begin XCConfigurationList section */
		EE7A6CD11A868401000447D2 /* Build configuration list for PBXProject "FoosPong" */ = {
			isa = XCConfigurationList;
			buildConfigurations = (
				EE7A6CF71A868402000447D2 /* Debug */,
				EE7A6CF81A868402000447D2 /* Release */,
			);
			defaultConfigurationIsVisible = 0;
			defaultConfigurationName = Release;
		};
		EE7A6CF91A868402000447D2 /* Build configuration list for PBXNativeTarget "FoosPong" */ = {
			isa = XCConfigurationList;
			buildConfigurations = (
				EE7A6CFA1A868402000447D2 /* Debug */,
				EE7A6CFB1A868402000447D2 /* Release */,
			);
			defaultConfigurationIsVisible = 0;
			defaultConfigurationName = Release;
		};
		EE7A6CFC1A868402000447D2 /* Build configuration list for PBXNativeTarget "FoosPongTests" */ = {
			isa = XCConfigurationList;
			buildConfigurations = (
				EE7A6CFD1A868402000447D2 /* Debug */,
				EE7A6CFE1A868402000447D2 /* Release */,
			);
			defaultConfigurationIsVisible = 0;
			defaultConfigurationName = Release;
		};
/* End XCConfigurationList section */
	};
	rootObject = EE7A6CCE1A868401000447D2 /* Project object */;
}
