// !$*UTF8*$!
{
	archiveVersion = 1;
	classes = {
	};
	objectVersion = 46;
	objects = {

/* Begin PBXBuildFile section */
		302E41C41A86958E005F1184 /* HomeViewController.m in Sources */ = {isa = PBXBuildFile; fileRef = 302E41C31A86958E005F1184 /* HomeViewController.m */; };
		302E41C71A86A195005F1184 /* ChoosePlayersViewController.m in Sources */ = {isa = PBXBuildFile; fileRef = 302E41C61A86A195005F1184 /* ChoosePlayersViewController.m */; };
		7F7C9D7F76CC544EEC3A87D2 /* libPods-FoosPong.a in Frameworks */ = {isa = PBXBuildFile; fileRef = B77DFF6D64A66AF6288C73B1 /* libPods-FoosPong.a */; };
		EE0DC00B1A8C4604000235B3 /* ParseUI.framework in Frameworks */ = {isa = PBXBuildFile; fileRef = EE0DC00A1A8C4604000235B3 /* ParseUI.framework */; };
		EE0DC00F1A8D9456000235B3 /* UserController.m in Sources */ = {isa = PBXBuildFile; fileRef = EE0DC00E1A8D9456000235B3 /* UserController.m */; };
		EE0DC0121A8D96D8000235B3 /* SingleGameController.m in Sources */ = {isa = PBXBuildFile; fileRef = EE0DC0111A8D96D8000235B3 /* SingleGameController.m */; };
		EE1A557E1A9CFB3000E6981E /* GroupsViewController.m in Sources */ = {isa = PBXBuildFile; fileRef = EE1A557D1A9CFB3000E6981E /* GroupsViewController.m */; };
		EE1A55811A9CFB4A00E6981E /* CurrentGroupViewController.m in Sources */ = {isa = PBXBuildFile; fileRef = EE1A55801A9CFB4A00E6981E /* CurrentGroupViewController.m */; };
		EE1A55851A9CFBB500E6981E /* GroupController.m in Sources */ = {isa = PBXBuildFile; fileRef = EE1A55841A9CFBB500E6981E /* GroupController.m */; };
		EE1A55881A9D217700E6981E /* PersonalNotificationsViewController.m in Sources */ = {isa = PBXBuildFile; fileRef = EE1A55871A9D217700E6981E /* PersonalNotificationsViewController.m */; };
		EE2C57D61A93DFC600DA9835 /* UIImageView+Letters.m in Sources */ = {isa = PBXBuildFile; fileRef = EE2C57D51A93DFC600DA9835 /* UIImageView+Letters.m */; };
		EE2C57DF1A93ECD200DA9835 /* BaseLoginController.m in Sources */ = {isa = PBXBuildFile; fileRef = EE2C57DE1A93ECD200DA9835 /* BaseLoginController.m */; };
		EE2C57E21A93F12300DA9835 /* SignUpViewController.m in Sources */ = {isa = PBXBuildFile; fileRef = EE2C57E11A93F12300DA9835 /* SignUpViewController.m */; };
		EE2EF8101AA4EF2200DE09E7 /* SingleGameStats.m in Sources */ = {isa = PBXBuildFile; fileRef = EE2EF80F1AA4EF2200DE09E7 /* SingleGameStats.m */; };
		EE2EF8131AA4EF3400DE09E7 /* TeamGameStats.m in Sources */ = {isa = PBXBuildFile; fileRef = EE2EF8121AA4EF3400DE09E7 /* TeamGameStats.m */; };
		EE2EF8161AA4F88900DE09E7 /* TeamGameController.m in Sources */ = {isa = PBXBuildFile; fileRef = EE2EF8151AA4F88900DE09E7 /* TeamGameController.m */; };
		EE2EF8191AA6422000DE09E7 /* PersonalStats.m in Sources */ = {isa = PBXBuildFile; fileRef = EE2EF8181AA6422000DE09E7 /* PersonalStats.m */; };
		EE2EF81C1AAA277000DE09E7 /* PulldownMenu.m in Sources */ = {isa = PBXBuildFile; fileRef = EE2EF81B1AAA277000DE09E7 /* PulldownMenu.m */; };
		EE3356EE1A895F0600B83EC0 /* ProfileViewController.m in Sources */ = {isa = PBXBuildFile; fileRef = EE3356ED1A895F0600B83EC0 /* ProfileViewController.m */; };
		EE3356F11A89610B00B83EC0 /* SingleGameViewController.m in Sources */ = {isa = PBXBuildFile; fileRef = EE3356F01A89610B00B83EC0 /* SingleGameViewController.m */; };
		EE33572A1A8C1C2A00B83EC0 /* Bolts.framework in Frameworks */ = {isa = PBXBuildFile; fileRef = EE3357291A8C1C2A00B83EC0 /* Bolts.framework */; };
		EE33572C1A8C1C4700B83EC0 /* Parse.framework in Frameworks */ = {isa = PBXBuildFile; fileRef = EE33572B1A8C1C4700B83EC0 /* Parse.framework */; };
		EE33572E1A8C1C9B00B83EC0 /* AudioToolbox.framework in Frameworks */ = {isa = PBXBuildFile; fileRef = EE33572D1A8C1C9B00B83EC0 /* AudioToolbox.framework */; };
		EE3357301A8C1CAD00B83EC0 /* CFNetwork.framework in Frameworks */ = {isa = PBXBuildFile; fileRef = EE33572F1A8C1CAD00B83EC0 /* CFNetwork.framework */; };
		EE3357321A8C1CC900B83EC0 /* CoreGraphics.framework in Frameworks */ = {isa = PBXBuildFile; fileRef = EE3357311A8C1CC900B83EC0 /* CoreGraphics.framework */; };
		EE3357341A8C1CD100B83EC0 /* CoreLocation.framework in Frameworks */ = {isa = PBXBuildFile; fileRef = EE3357331A8C1CD100B83EC0 /* CoreLocation.framework */; };
		EE3357361A8C1CDB00B83EC0 /* MobileCoreServices.framework in Frameworks */ = {isa = PBXBuildFile; fileRef = EE3357351A8C1CDB00B83EC0 /* MobileCoreServices.framework */; };
		EE3357381A8C1CE600B83EC0 /* QuartzCore.framework in Frameworks */ = {isa = PBXBuildFile; fileRef = EE3357371A8C1CE600B83EC0 /* QuartzCore.framework */; };
		EE33573A1A8C1CF100B83EC0 /* Security.framework in Frameworks */ = {isa = PBXBuildFile; fileRef = EE3357391A8C1CF100B83EC0 /* Security.framework */; };
		EE33573C1A8C1CFB00B83EC0 /* StoreKit.framework in Frameworks */ = {isa = PBXBuildFile; fileRef = EE33573B1A8C1CFB00B83EC0 /* StoreKit.framework */; };
		EE33573E1A8C1D0400B83EC0 /* SystemConfiguration.framework in Frameworks */ = {isa = PBXBuildFile; fileRef = EE33573D1A8C1D0400B83EC0 /* SystemConfiguration.framework */; };
		EE3357401A8C1D1800B83EC0 /* libz.dylib in Frameworks */ = {isa = PBXBuildFile; fileRef = EE33573F1A8C1D1800B83EC0 /* libz.dylib */; };
		EE3357421A8C1D2D00B83EC0 /* libsqlite3.dylib in Frameworks */ = {isa = PBXBuildFile; fileRef = EE3357411A8C1D2D00B83EC0 /* libsqlite3.dylib */; };
		EE3357441A8C200F00B83EC0 /* Social.framework in Frameworks */ = {isa = PBXBuildFile; fileRef = EE3357431A8C200F00B83EC0 /* Social.framework */; };
		EE3357461A8C202600B83EC0 /* Accounts.framework in Frameworks */ = {isa = PBXBuildFile; fileRef = EE3357451A8C202600B83EC0 /* Accounts.framework */; };
		EE48886A1A9FDD9B00FCCA47 /* HMSegmentedControl.m in Sources */ = {isa = PBXBuildFile; fileRef = EE4888691A9FDD9B00FCCA47 /* HMSegmentedControl.m */; };
		EE4888701AA0FC6D00FCCA47 /* TeamGameViewController.m in Sources */ = {isa = PBXBuildFile; fileRef = EE48886F1AA0FC6D00FCCA47 /* TeamGameViewController.m */; };
		EE5027C21A9654A30079DFFC /* LogViewController.m in Sources */ = {isa = PBXBuildFile; fileRef = EE5027C11A9654A30079DFFC /* LogViewController.m */; };
		EE5027C81A965F1F0079DFFC /* NSString+Extensions.m in Sources */ = {isa = PBXBuildFile; fileRef = EE5027C71A965F1F0079DFFC /* NSString+Extensions.m */; };
		EE5027CB1A98ED310079DFFC /* UIColor+ExtraColorTools.m in Sources */ = {isa = PBXBuildFile; fileRef = EE5027CA1A98ED310079DFFC /* UIColor+ExtraColorTools.m */; };
		EE7A6CDC1A868402000447D2 /* main.m in Sources */ = {isa = PBXBuildFile; fileRef = EE7A6CDB1A868402000447D2 /* main.m */; };
		EE7A6CDF1A868402000447D2 /* AppDelegate.m in Sources */ = {isa = PBXBuildFile; fileRef = EE7A6CDE1A868402000447D2 /* AppDelegate.m */; };
		EE7A6CE51A868402000447D2 /* Main.storyboard in Resources */ = {isa = PBXBuildFile; fileRef = EE7A6CE31A868402000447D2 /* Main.storyboard */; };
		EE7A6CE71A868402000447D2 /* Images.xcassets in Resources */ = {isa = PBXBuildFile; fileRef = EE7A6CE61A868402000447D2 /* Images.xcassets */; };
		EE7A6CEA1A868402000447D2 /* LaunchScreen.xib in Resources */ = {isa = PBXBuildFile; fileRef = EE7A6CE81A868402000447D2 /* LaunchScreen.xib */; };
		EE7A6CF61A868402000447D2 /* FoosPongTests.m in Sources */ = {isa = PBXBuildFile; fileRef = EE7A6CF51A868402000447D2 /* FoosPongTests.m */; };
		EE7A6D041A869169000447D2 /* InitialViewController.m in Sources */ = {isa = PBXBuildFile; fileRef = EE7A6D031A869169000447D2 /* InitialViewController.m */; };
		EE7A6D071A869970000447D2 /* NewGameCustomTableViewCell.m in Sources */ = {isa = PBXBuildFile; fileRef = EE7A6D061A869970000447D2 /* NewGameCustomTableViewCell.m */; };
		EE7A6D0A1A869CD4000447D2 /* HistoryViewController.m in Sources */ = {isa = PBXBuildFile; fileRef = EE7A6D091A869CD4000447D2 /* HistoryViewController.m */; };
		EE808DB01A9FC3E30000F833 /* SettingViewController.m in Sources */ = {isa = PBXBuildFile; fileRef = EE808DAF1A9FC3E30000F833 /* SettingViewController.m */; };
		EE808DB71A9FCCB10000F833 /* NSString+Fonts.m in Sources */ = {isa = PBXBuildFile; fileRef = EE808DB61A9FCCB10000F833 /* NSString+Fonts.m */; };
		EE9DAEEB1A9D582200589897 /* RNFrostedSidebar.m in Sources */ = {isa = PBXBuildFile; fileRef = EE9DAEEA1A9D582200589897 /* RNFrostedSidebar.m */; };
		EE9DAEED1A9D583500589897 /* Accelerate.framework in Frameworks */ = {isa = PBXBuildFile; fileRef = EE9DAEEC1A9D583500589897 /* Accelerate.framework */; };
		EE9DAEF01A9EB91D00589897 /* MasterViewController.m in Sources */ = {isa = PBXBuildFile; fileRef = EE9DAEEF1A9EB91D00589897 /* MasterViewController.m */; };
		EE9DAEF31A9ECEC600589897 /* AddGroupViewController.m in Sources */ = {isa = PBXBuildFile; fileRef = EE9DAEF21A9ECEC600589897 /* AddGroupViewController.m */; };
		EE9DAEF61A9ECED800589897 /* FindGroupViewController.m in Sources */ = {isa = PBXBuildFile; fileRef = EE9DAEF51A9ECED800589897 /* FindGroupViewController.m */; };
		EEFDF3CE1AA6AE7200A0E48F /* StatsController.m in Sources */ = {isa = PBXBuildFile; fileRef = EEFDF3CD1AA6AE7200A0E48F /* StatsController.m */; };
		EEFDF3D11AA7FEA600A0E48F /* Game.m in Sources */ = {isa = PBXBuildFile; fileRef = EEFDF3D01AA7FEA600A0E48F /* Game.m */; };
		EEFDF3D41AA809AF00A0E48F /* TeamGame.m in Sources */ = {isa = PBXBuildFile; fileRef = EEFDF3D31AA809AF00A0E48F /* TeamGame.m */; };
/* End PBXBuildFile section */

/* Begin PBXContainerItemProxy section */
		EE7A6CF01A868402000447D2 /* PBXContainerItemProxy */ = {
			isa = PBXContainerItemProxy;
			containerPortal = EE7A6CCE1A868401000447D2 /* Project object */;
			proxyType = 1;
			remoteGlobalIDString = EE7A6CD51A868401000447D2;
			remoteInfo = FoosPong;
		};
/* End PBXContainerItemProxy section */

/* Begin PBXFileReference section */
		302E41C21A86958E005F1184 /* HomeViewController.h */ = {isa = PBXFileReference; fileEncoding = 4; lastKnownFileType = sourcecode.c.h; name = HomeViewController.h; path = ../HomeViewController.h; sourceTree = "<group>"; };
		302E41C31A86958E005F1184 /* HomeViewController.m */ = {isa = PBXFileReference; fileEncoding = 4; lastKnownFileType = sourcecode.c.objc; name = HomeViewController.m; path = ../HomeViewController.m; sourceTree = "<group>"; };
		302E41C51A86A195005F1184 /* ChoosePlayersViewController.h */ = {isa = PBXFileReference; fileEncoding = 4; lastKnownFileType = sourcecode.c.h; path = ChoosePlayersViewController.h; sourceTree = "<group>"; };
		302E41C61A86A195005F1184 /* ChoosePlayersViewController.m */ = {isa = PBXFileReference; fileEncoding = 4; lastKnownFileType = sourcecode.c.objc; path = ChoosePlayersViewController.m; sourceTree = "<group>"; };
		6775E9090F7D5300C9E7454A /* Pods-FoosPong.debug.xcconfig */ = {isa = PBXFileReference; includeInIndex = 1; lastKnownFileType = text.xcconfig; name = "Pods-FoosPong.debug.xcconfig"; path = "Pods/Target Support Files/Pods-FoosPong/Pods-FoosPong.debug.xcconfig"; sourceTree = "<group>"; };
		B77DFF6D64A66AF6288C73B1 /* libPods-FoosPong.a */ = {isa = PBXFileReference; explicitFileType = archive.ar; includeInIndex = 0; path = "libPods-FoosPong.a"; sourceTree = BUILT_PRODUCTS_DIR; };
		E5F931099152F99036552F2B /* Pods-FoosPong.release.xcconfig */ = {isa = PBXFileReference; includeInIndex = 1; lastKnownFileType = text.xcconfig; name = "Pods-FoosPong.release.xcconfig"; path = "Pods/Target Support Files/Pods-FoosPong/Pods-FoosPong.release.xcconfig"; sourceTree = "<group>"; };
		EE0DC00A1A8C4604000235B3 /* ParseUI.framework */ = {isa = PBXFileReference; lastKnownFileType = wrapper.framework; path = ParseUI.framework; sourceTree = "<group>"; };
		EE0DC00C1A8C53A1000235B3 /* FoosPong-Prefix.pch */ = {isa = PBXFileReference; lastKnownFileType = sourcecode.c.h; path = "FoosPong-Prefix.pch"; sourceTree = "<group>"; };
		EE0DC00D1A8D9456000235B3 /* UserController.h */ = {isa = PBXFileReference; fileEncoding = 4; lastKnownFileType = sourcecode.c.h; path = UserController.h; sourceTree = "<group>"; };
		EE0DC00E1A8D9456000235B3 /* UserController.m */ = {isa = PBXFileReference; fileEncoding = 4; lastKnownFileType = sourcecode.c.objc; path = UserController.m; sourceTree = "<group>"; };
		EE0DC0101A8D96D8000235B3 /* SingleGameController.h */ = {isa = PBXFileReference; fileEncoding = 4; lastKnownFileType = sourcecode.c.h; path = SingleGameController.h; sourceTree = "<group>"; };
		EE0DC0111A8D96D8000235B3 /* SingleGameController.m */ = {isa = PBXFileReference; fileEncoding = 4; lastKnownFileType = sourcecode.c.objc; path = SingleGameController.m; sourceTree = "<group>"; };
		EE1A557C1A9CFB3000E6981E /* GroupsViewController.h */ = {isa = PBXFileReference; fileEncoding = 4; lastKnownFileType = sourcecode.c.h; path = GroupsViewController.h; sourceTree = "<group>"; };
		EE1A557D1A9CFB3000E6981E /* GroupsViewController.m */ = {isa = PBXFileReference; fileEncoding = 4; lastKnownFileType = sourcecode.c.objc; path = GroupsViewController.m; sourceTree = "<group>"; };
		EE1A557F1A9CFB4A00E6981E /* CurrentGroupViewController.h */ = {isa = PBXFileReference; fileEncoding = 4; lastKnownFileType = sourcecode.c.h; path = CurrentGroupViewController.h; sourceTree = "<group>"; };
		EE1A55801A9CFB4A00E6981E /* CurrentGroupViewController.m */ = {isa = PBXFileReference; fileEncoding = 4; lastKnownFileType = sourcecode.c.objc; path = CurrentGroupViewController.m; sourceTree = "<group>"; };
		EE1A55831A9CFBB500E6981E /* GroupController.h */ = {isa = PBXFileReference; fileEncoding = 4; lastKnownFileType = sourcecode.c.h; path = GroupController.h; sourceTree = "<group>"; };
		EE1A55841A9CFBB500E6981E /* GroupController.m */ = {isa = PBXFileReference; fileEncoding = 4; lastKnownFileType = sourcecode.c.objc; path = GroupController.m; sourceTree = "<group>"; };
		EE1A55861A9D217700E6981E /* PersonalNotificationsViewController.h */ = {isa = PBXFileReference; fileEncoding = 4; lastKnownFileType = sourcecode.c.h; path = PersonalNotificationsViewController.h; sourceTree = "<group>"; };
		EE1A55871A9D217700E6981E /* PersonalNotificationsViewController.m */ = {isa = PBXFileReference; fileEncoding = 4; lastKnownFileType = sourcecode.c.objc; path = PersonalNotificationsViewController.m; sourceTree = "<group>"; };
		EE2C57D41A93DFC600DA9835 /* UIImageView+Letters.h */ = {isa = PBXFileReference; fileEncoding = 4; lastKnownFileType = sourcecode.c.h; path = "UIImageView+Letters.h"; sourceTree = "<group>"; };
		EE2C57D51A93DFC600DA9835 /* UIImageView+Letters.m */ = {isa = PBXFileReference; fileEncoding = 4; lastKnownFileType = sourcecode.c.objc; path = "UIImageView+Letters.m"; sourceTree = "<group>"; };
		EE2C57DD1A93ECD200DA9835 /* BaseLoginController.h */ = {isa = PBXFileReference; fileEncoding = 4; lastKnownFileType = sourcecode.c.h; path = BaseLoginController.h; sourceTree = "<group>"; };
		EE2C57DE1A93ECD200DA9835 /* BaseLoginController.m */ = {isa = PBXFileReference; fileEncoding = 4; lastKnownFileType = sourcecode.c.objc; path = BaseLoginController.m; sourceTree = "<group>"; };
		EE2C57E01A93F12300DA9835 /* SignUpViewController.h */ = {isa = PBXFileReference; fileEncoding = 4; lastKnownFileType = sourcecode.c.h; path = SignUpViewController.h; sourceTree = "<group>"; };
		EE2C57E11A93F12300DA9835 /* SignUpViewController.m */ = {isa = PBXFileReference; fileEncoding = 4; lastKnownFileType = sourcecode.c.objc; path = SignUpViewController.m; sourceTree = "<group>"; };
		EE2EF80E1AA4EF2200DE09E7 /* SingleGameStats.h */ = {isa = PBXFileReference; fileEncoding = 4; lastKnownFileType = sourcecode.c.h; path = SingleGameStats.h; sourceTree = "<group>"; };
		EE2EF80F1AA4EF2200DE09E7 /* SingleGameStats.m */ = {isa = PBXFileReference; fileEncoding = 4; lastKnownFileType = sourcecode.c.objc; path = SingleGameStats.m; sourceTree = "<group>"; };
		EE2EF8111AA4EF3400DE09E7 /* TeamGameStats.h */ = {isa = PBXFileReference; fileEncoding = 4; lastKnownFileType = sourcecode.c.h; path = TeamGameStats.h; sourceTree = "<group>"; };
		EE2EF8121AA4EF3400DE09E7 /* TeamGameStats.m */ = {isa = PBXFileReference; fileEncoding = 4; lastKnownFileType = sourcecode.c.objc; path = TeamGameStats.m; sourceTree = "<group>"; };
		EE2EF8141AA4F88900DE09E7 /* TeamGameController.h */ = {isa = PBXFileReference; fileEncoding = 4; lastKnownFileType = sourcecode.c.h; path = TeamGameController.h; sourceTree = "<group>"; };
		EE2EF8151AA4F88900DE09E7 /* TeamGameController.m */ = {isa = PBXFileReference; fileEncoding = 4; lastKnownFileType = sourcecode.c.objc; path = TeamGameController.m; sourceTree = "<group>"; };
		EE2EF8171AA6422000DE09E7 /* PersonalStats.h */ = {isa = PBXFileReference; fileEncoding = 4; lastKnownFileType = sourcecode.c.h; path = PersonalStats.h; sourceTree = "<group>"; };
		EE2EF8181AA6422000DE09E7 /* PersonalStats.m */ = {isa = PBXFileReference; fileEncoding = 4; lastKnownFileType = sourcecode.c.objc; path = PersonalStats.m; sourceTree = "<group>"; };
		EE2EF81A1AAA277000DE09E7 /* PulldownMenu.h */ = {isa = PBXFileReference; fileEncoding = 4; lastKnownFileType = sourcecode.c.h; path = PulldownMenu.h; sourceTree = "<group>"; };
		EE2EF81B1AAA277000DE09E7 /* PulldownMenu.m */ = {isa = PBXFileReference; fileEncoding = 4; lastKnownFileType = sourcecode.c.objc; path = PulldownMenu.m; sourceTree = "<group>"; };
		EE3356EC1A895F0600B83EC0 /* ProfileViewController.h */ = {isa = PBXFileReference; fileEncoding = 4; lastKnownFileType = sourcecode.c.h; path = ProfileViewController.h; sourceTree = "<group>"; };
		EE3356ED1A895F0600B83EC0 /* ProfileViewController.m */ = {isa = PBXFileReference; fileEncoding = 4; lastKnownFileType = sourcecode.c.objc; path = ProfileViewController.m; sourceTree = "<group>"; };
		EE3356EF1A89610B00B83EC0 /* SingleGameViewController.h */ = {isa = PBXFileReference; fileEncoding = 4; lastKnownFileType = sourcecode.c.h; path = SingleGameViewController.h; sourceTree = "<group>"; };
		EE3356F01A89610B00B83EC0 /* SingleGameViewController.m */ = {isa = PBXFileReference; fileEncoding = 4; lastKnownFileType = sourcecode.c.objc; path = SingleGameViewController.m; sourceTree = "<group>"; };
		EE3357291A8C1C2A00B83EC0 /* Bolts.framework */ = {isa = PBXFileReference; lastKnownFileType = wrapper.framework; path = Bolts.framework; sourceTree = "<group>"; };
		EE33572B1A8C1C4700B83EC0 /* Parse.framework */ = {isa = PBXFileReference; lastKnownFileType = wrapper.framework; path = Parse.framework; sourceTree = "<group>"; };
		EE33572D1A8C1C9B00B83EC0 /* AudioToolbox.framework */ = {isa = PBXFileReference; lastKnownFileType = wrapper.framework; name = AudioToolbox.framework; path = System/Library/Frameworks/AudioToolbox.framework; sourceTree = SDKROOT; };
		EE33572F1A8C1CAD00B83EC0 /* CFNetwork.framework */ = {isa = PBXFileReference; lastKnownFileType = wrapper.framework; name = CFNetwork.framework; path = System/Library/Frameworks/CFNetwork.framework; sourceTree = SDKROOT; };
		EE3357311A8C1CC900B83EC0 /* CoreGraphics.framework */ = {isa = PBXFileReference; lastKnownFileType = wrapper.framework; name = CoreGraphics.framework; path = System/Library/Frameworks/CoreGraphics.framework; sourceTree = SDKROOT; };
		EE3357331A8C1CD100B83EC0 /* CoreLocation.framework */ = {isa = PBXFileReference; lastKnownFileType = wrapper.framework; name = CoreLocation.framework; path = System/Library/Frameworks/CoreLocation.framework; sourceTree = SDKROOT; };
		EE3357351A8C1CDB00B83EC0 /* MobileCoreServices.framework */ = {isa = PBXFileReference; lastKnownFileType = wrapper.framework; name = MobileCoreServices.framework; path = System/Library/Frameworks/MobileCoreServices.framework; sourceTree = SDKROOT; };
		EE3357371A8C1CE600B83EC0 /* QuartzCore.framework */ = {isa = PBXFileReference; lastKnownFileType = wrapper.framework; name = QuartzCore.framework; path = System/Library/Frameworks/QuartzCore.framework; sourceTree = SDKROOT; };
		EE3357391A8C1CF100B83EC0 /* Security.framework */ = {isa = PBXFileReference; lastKnownFileType = wrapper.framework; name = Security.framework; path = System/Library/Frameworks/Security.framework; sourceTree = SDKROOT; };
		EE33573B1A8C1CFB00B83EC0 /* StoreKit.framework */ = {isa = PBXFileReference; lastKnownFileType = wrapper.framework; name = StoreKit.framework; path = System/Library/Frameworks/StoreKit.framework; sourceTree = SDKROOT; };
		EE33573D1A8C1D0400B83EC0 /* SystemConfiguration.framework */ = {isa = PBXFileReference; lastKnownFileType = wrapper.framework; name = SystemConfiguration.framework; path = System/Library/Frameworks/SystemConfiguration.framework; sourceTree = SDKROOT; };
		EE33573F1A8C1D1800B83EC0 /* libz.dylib */ = {isa = PBXFileReference; lastKnownFileType = "compiled.mach-o.dylib"; name = libz.dylib; path = usr/lib/libz.dylib; sourceTree = SDKROOT; };
		EE3357411A8C1D2D00B83EC0 /* libsqlite3.dylib */ = {isa = PBXFileReference; lastKnownFileType = "compiled.mach-o.dylib"; name = libsqlite3.dylib; path = usr/lib/libsqlite3.dylib; sourceTree = SDKROOT; };
		EE3357431A8C200F00B83EC0 /* Social.framework */ = {isa = PBXFileReference; lastKnownFileType = wrapper.framework; name = Social.framework; path = System/Library/Frameworks/Social.framework; sourceTree = SDKROOT; };
		EE3357451A8C202600B83EC0 /* Accounts.framework */ = {isa = PBXFileReference; lastKnownFileType = wrapper.framework; name = Accounts.framework; path = System/Library/Frameworks/Accounts.framework; sourceTree = SDKROOT; };
		EE4888681A9FDD9B00FCCA47 /* HMSegmentedControl.h */ = {isa = PBXFileReference; fileEncoding = 4; lastKnownFileType = sourcecode.c.h; path = HMSegmentedControl.h; sourceTree = "<group>"; };
		EE4888691A9FDD9B00FCCA47 /* HMSegmentedControl.m */ = {isa = PBXFileReference; fileEncoding = 4; lastKnownFileType = sourcecode.c.objc; path = HMSegmentedControl.m; sourceTree = "<group>"; };
		EE48886E1AA0FC6D00FCCA47 /* TeamGameViewController.h */ = {isa = PBXFileReference; fileEncoding = 4; lastKnownFileType = sourcecode.c.h; path = TeamGameViewController.h; sourceTree = "<group>"; };
		EE48886F1AA0FC6D00FCCA47 /* TeamGameViewController.m */ = {isa = PBXFileReference; fileEncoding = 4; lastKnownFileType = sourcecode.c.objc; path = TeamGameViewController.m; sourceTree = "<group>"; };
		EE5027C01A9654A30079DFFC /* LogViewController.h */ = {isa = PBXFileReference; fileEncoding = 4; lastKnownFileType = sourcecode.c.h; path = LogViewController.h; sourceTree = "<group>"; };
		EE5027C11A9654A30079DFFC /* LogViewController.m */ = {isa = PBXFileReference; fileEncoding = 4; lastKnownFileType = sourcecode.c.objc; path = LogViewController.m; sourceTree = "<group>"; };
		EE5027C61A965F1F0079DFFC /* NSString+Extensions.h */ = {isa = PBXFileReference; fileEncoding = 4; lastKnownFileType = sourcecode.c.h; path = "NSString+Extensions.h"; sourceTree = "<group>"; };
		EE5027C71A965F1F0079DFFC /* NSString+Extensions.m */ = {isa = PBXFileReference; fileEncoding = 4; lastKnownFileType = sourcecode.c.objc; path = "NSString+Extensions.m"; sourceTree = "<group>"; };
		EE5027C91A98ED310079DFFC /* UIColor+ExtraColorTools.h */ = {isa = PBXFileReference; fileEncoding = 4; lastKnownFileType = sourcecode.c.h; path = "UIColor+ExtraColorTools.h"; sourceTree = "<group>"; };
		EE5027CA1A98ED310079DFFC /* UIColor+ExtraColorTools.m */ = {isa = PBXFileReference; fileEncoding = 4; lastKnownFileType = sourcecode.c.objc; path = "UIColor+ExtraColorTools.m"; sourceTree = "<group>"; };
		EE7A6CD61A868401000447D2 /* FoosPong.app */ = {isa = PBXFileReference; explicitFileType = wrapper.application; includeInIndex = 0; path = FoosPong.app; sourceTree = BUILT_PRODUCTS_DIR; };
		EE7A6CDA1A868402000447D2 /* Info.plist */ = {isa = PBXFileReference; lastKnownFileType = text.plist.xml; path = Info.plist; sourceTree = "<group>"; };
		EE7A6CDB1A868402000447D2 /* main.m */ = {isa = PBXFileReference; lastKnownFileType = sourcecode.c.objc; path = main.m; sourceTree = "<group>"; };
		EE7A6CDD1A868402000447D2 /* AppDelegate.h */ = {isa = PBXFileReference; lastKnownFileType = sourcecode.c.h; path = AppDelegate.h; sourceTree = "<group>"; };
		EE7A6CDE1A868402000447D2 /* AppDelegate.m */ = {isa = PBXFileReference; lastKnownFileType = sourcecode.c.objc; path = AppDelegate.m; sourceTree = "<group>"; };
		EE7A6CE41A868402000447D2 /* Base */ = {isa = PBXFileReference; lastKnownFileType = file.storyboard; name = Base; path = Base.lproj/Main.storyboard; sourceTree = "<group>"; };
		EE7A6CE61A868402000447D2 /* Images.xcassets */ = {isa = PBXFileReference; lastKnownFileType = folder.assetcatalog; path = Images.xcassets; sourceTree = "<group>"; };
		EE7A6CE91A868402000447D2 /* Base */ = {isa = PBXFileReference; lastKnownFileType = file.xib; name = Base; path = Base.lproj/LaunchScreen.xib; sourceTree = "<group>"; };
		EE7A6CEF1A868402000447D2 /* FoosPongTests.xctest */ = {isa = PBXFileReference; explicitFileType = wrapper.cfbundle; includeInIndex = 0; path = FoosPongTests.xctest; sourceTree = BUILT_PRODUCTS_DIR; };
		EE7A6CF41A868402000447D2 /* Info.plist */ = {isa = PBXFileReference; lastKnownFileType = text.plist.xml; path = Info.plist; sourceTree = "<group>"; };
		EE7A6CF51A868402000447D2 /* FoosPongTests.m */ = {isa = PBXFileReference; lastKnownFileType = sourcecode.c.objc; path = FoosPongTests.m; sourceTree = "<group>"; };
		EE7A6D021A869169000447D2 /* InitialViewController.h */ = {isa = PBXFileReference; fileEncoding = 4; lastKnownFileType = sourcecode.c.h; path = InitialViewController.h; sourceTree = "<group>"; };
		EE7A6D031A869169000447D2 /* InitialViewController.m */ = {isa = PBXFileReference; fileEncoding = 4; lastKnownFileType = sourcecode.c.objc; path = InitialViewController.m; sourceTree = "<group>"; };
		EE7A6D051A869970000447D2 /* NewGameCustomTableViewCell.h */ = {isa = PBXFileReference; fileEncoding = 4; lastKnownFileType = sourcecode.c.h; path = NewGameCustomTableViewCell.h; sourceTree = "<group>"; };
		EE7A6D061A869970000447D2 /* NewGameCustomTableViewCell.m */ = {isa = PBXFileReference; fileEncoding = 4; lastKnownFileType = sourcecode.c.objc; path = NewGameCustomTableViewCell.m; sourceTree = "<group>"; };
		EE7A6D081A869CD4000447D2 /* HistoryViewController.h */ = {isa = PBXFileReference; fileEncoding = 4; lastKnownFileType = sourcecode.c.h; path = HistoryViewController.h; sourceTree = "<group>"; };
		EE7A6D091A869CD4000447D2 /* HistoryViewController.m */ = {isa = PBXFileReference; fileEncoding = 4; lastKnownFileType = sourcecode.c.objc; path = HistoryViewController.m; sourceTree = "<group>"; };
		EE808DAE1A9FC3E30000F833 /* SettingViewController.h */ = {isa = PBXFileReference; fileEncoding = 4; lastKnownFileType = sourcecode.c.h; path = SettingViewController.h; sourceTree = "<group>"; };
		EE808DAF1A9FC3E30000F833 /* SettingViewController.m */ = {isa = PBXFileReference; fileEncoding = 4; lastKnownFileType = sourcecode.c.objc; path = SettingViewController.m; sourceTree = "<group>"; };
		EE808DB51A9FCCB10000F833 /* NSString+Fonts.h */ = {isa = PBXFileReference; fileEncoding = 4; lastKnownFileType = sourcecode.c.h; path = "NSString+Fonts.h"; sourceTree = "<group>"; };
		EE808DB61A9FCCB10000F833 /* NSString+Fonts.m */ = {isa = PBXFileReference; fileEncoding = 4; lastKnownFileType = sourcecode.c.objc; path = "NSString+Fonts.m"; sourceTree = "<group>"; };
		EE9DAEE91A9D582200589897 /* RNFrostedSidebar.h */ = {isa = PBXFileReference; fileEncoding = 4; lastKnownFileType = sourcecode.c.h; path = RNFrostedSidebar.h; sourceTree = "<group>"; };
		EE9DAEEA1A9D582200589897 /* RNFrostedSidebar.m */ = {isa = PBXFileReference; fileEncoding = 4; lastKnownFileType = sourcecode.c.objc; path = RNFrostedSidebar.m; sourceTree = "<group>"; };
		EE9DAEEC1A9D583500589897 /* Accelerate.framework */ = {isa = PBXFileReference; lastKnownFileType = wrapper.framework; name = Accelerate.framework; path = System/Library/Frameworks/Accelerate.framework; sourceTree = SDKROOT; };
		EE9DAEEE1A9EB91D00589897 /* MasterViewController.h */ = {isa = PBXFileReference; fileEncoding = 4; lastKnownFileType = sourcecode.c.h; path = MasterViewController.h; sourceTree = "<group>"; };
		EE9DAEEF1A9EB91D00589897 /* MasterViewController.m */ = {isa = PBXFileReference; fileEncoding = 4; lastKnownFileType = sourcecode.c.objc; path = MasterViewController.m; sourceTree = "<group>"; };
		EE9DAEF11A9ECEC500589897 /* AddGroupViewController.h */ = {isa = PBXFileReference; fileEncoding = 4; lastKnownFileType = sourcecode.c.h; path = AddGroupViewController.h; sourceTree = "<group>"; };
		EE9DAEF21A9ECEC600589897 /* AddGroupViewController.m */ = {isa = PBXFileReference; fileEncoding = 4; lastKnownFileType = sourcecode.c.objc; path = AddGroupViewController.m; sourceTree = "<group>"; };
		EE9DAEF41A9ECED800589897 /* FindGroupViewController.h */ = {isa = PBXFileReference; fileEncoding = 4; lastKnownFileType = sourcecode.c.h; path = FindGroupViewController.h; sourceTree = "<group>"; };
		EE9DAEF51A9ECED800589897 /* FindGroupViewController.m */ = {isa = PBXFileReference; fileEncoding = 4; lastKnownFileType = sourcecode.c.objc; path = FindGroupViewController.m; sourceTree = "<group>"; };
		EEFDF3CC1AA6AE7200A0E48F /* StatsController.h */ = {isa = PBXFileReference; fileEncoding = 4; lastKnownFileType = sourcecode.c.h; path = StatsController.h; sourceTree = "<group>"; };
		EEFDF3CD1AA6AE7200A0E48F /* StatsController.m */ = {isa = PBXFileReference; fileEncoding = 4; lastKnownFileType = sourcecode.c.objc; path = StatsController.m; sourceTree = "<group>"; };
		EEFDF3CF1AA7FEA600A0E48F /* Game.h */ = {isa = PBXFileReference; fileEncoding = 4; lastKnownFileType = sourcecode.c.h; path = Game.h; sourceTree = "<group>"; };
		EEFDF3D01AA7FEA600A0E48F /* Game.m */ = {isa = PBXFileReference; fileEncoding = 4; lastKnownFileType = sourcecode.c.objc; path = Game.m; sourceTree = "<group>"; };
		EEFDF3D21AA809AF00A0E48F /* TeamGame.h */ = {isa = PBXFileReference; fileEncoding = 4; lastKnownFileType = sourcecode.c.h; path = TeamGame.h; sourceTree = "<group>"; };
		EEFDF3D31AA809AF00A0E48F /* TeamGame.m */ = {isa = PBXFileReference; fileEncoding = 4; lastKnownFileType = sourcecode.c.objc; path = TeamGame.m; sourceTree = "<group>"; };
/* End PBXFileReference section */

/* Begin PBXFrameworksBuildPhase section */
		EE7A6CD31A868401000447D2 /* Frameworks */ = {
			isa = PBXFrameworksBuildPhase;
			buildActionMask = 2147483647;
			files = (
				EE3357381A8C1CE600B83EC0 /* QuartzCore.framework in Frameworks */,
				EE9DAEED1A9D583500589897 /* Accelerate.framework in Frameworks */,
				EE3357461A8C202600B83EC0 /* Accounts.framework in Frameworks */,
				EE3357441A8C200F00B83EC0 /* Social.framework in Frameworks */,
				EE3357421A8C1D2D00B83EC0 /* libsqlite3.dylib in Frameworks */,
				EE3357401A8C1D1800B83EC0 /* libz.dylib in Frameworks */,
				EE33573E1A8C1D0400B83EC0 /* SystemConfiguration.framework in Frameworks */,
				EE33573C1A8C1CFB00B83EC0 /* StoreKit.framework in Frameworks */,
				EE33573A1A8C1CF100B83EC0 /* Security.framework in Frameworks */,
				EE3357361A8C1CDB00B83EC0 /* MobileCoreServices.framework in Frameworks */,
				EE0DC00B1A8C4604000235B3 /* ParseUI.framework in Frameworks */,
				EE3357341A8C1CD100B83EC0 /* CoreLocation.framework in Frameworks */,
				EE3357321A8C1CC900B83EC0 /* CoreGraphics.framework in Frameworks */,
				EE3357301A8C1CAD00B83EC0 /* CFNetwork.framework in Frameworks */,
				EE33572E1A8C1C9B00B83EC0 /* AudioToolbox.framework in Frameworks */,
				EE33572A1A8C1C2A00B83EC0 /* Bolts.framework in Frameworks */,
				EE33572C1A8C1C4700B83EC0 /* Parse.framework in Frameworks */,
				7F7C9D7F76CC544EEC3A87D2 /* libPods-FoosPong.a in Frameworks */,
			);
			runOnlyForDeploymentPostprocessing = 0;
		};
		EE7A6CEC1A868402000447D2 /* Frameworks */ = {
			isa = PBXFrameworksBuildPhase;
			buildActionMask = 2147483647;
			files = (
			);
			runOnlyForDeploymentPostprocessing = 0;
		};
/* End PBXFrameworksBuildPhase section */

/* Begin PBXGroup section */
		6865A691876762717F24C232 /* Pods */ = {
			isa = PBXGroup;
			children = (
				6775E9090F7D5300C9E7454A /* Pods-FoosPong.debug.xcconfig */,
				E5F931099152F99036552F2B /* Pods-FoosPong.release.xcconfig */,
			);
			name = Pods;
			sourceTree = "<group>";
		};
		AED8EE843DD92B7D2CCC995D /* Frameworks */ = {
			isa = PBXGroup;
			children = (
				EE9DAEEC1A9D583500589897 /* Accelerate.framework */,
				EE0DC00A1A8C4604000235B3 /* ParseUI.framework */,
				EE3357451A8C202600B83EC0 /* Accounts.framework */,
				EE3357431A8C200F00B83EC0 /* Social.framework */,
				EE3357411A8C1D2D00B83EC0 /* libsqlite3.dylib */,
				EE33573F1A8C1D1800B83EC0 /* libz.dylib */,
				EE33573D1A8C1D0400B83EC0 /* SystemConfiguration.framework */,
				EE33573B1A8C1CFB00B83EC0 /* StoreKit.framework */,
				EE3357391A8C1CF100B83EC0 /* Security.framework */,
				EE3357371A8C1CE600B83EC0 /* QuartzCore.framework */,
				EE3357351A8C1CDB00B83EC0 /* MobileCoreServices.framework */,
				EE3357331A8C1CD100B83EC0 /* CoreLocation.framework */,
				EE3357311A8C1CC900B83EC0 /* CoreGraphics.framework */,
				EE33572F1A8C1CAD00B83EC0 /* CFNetwork.framework */,
				EE33572D1A8C1C9B00B83EC0 /* AudioToolbox.framework */,
				B77DFF6D64A66AF6288C73B1 /* libPods-FoosPong.a */,
			);
			name = Frameworks;
			sourceTree = "<group>";
		};
		EE1A557A1A9CFA3E00E6981E /* Personal Profile */ = {
			isa = PBXGroup;
			children = (
				EE3356EC1A895F0600B83EC0 /* ProfileViewController.h */,
				EE3356ED1A895F0600B83EC0 /* ProfileViewController.m */,
				EE7A6D081A869CD4000447D2 /* HistoryViewController.h */,
				EE7A6D091A869CD4000447D2 /* HistoryViewController.m */,
				EE1A55861A9D217700E6981E /* PersonalNotificationsViewController.h */,
				EE1A55871A9D217700E6981E /* PersonalNotificationsViewController.m */,
			);
			name = "Personal Profile";
			sourceTree = "<group>";
		};
		EE1A557B1A9CFAE000E6981E /* Scorekeeping */ = {
			isa = PBXGroup;
			children = (
				302E41C21A86958E005F1184 /* HomeViewController.h */,
				302E41C31A86958E005F1184 /* HomeViewController.m */,
				302E41C51A86A195005F1184 /* ChoosePlayersViewController.h */,
				302E41C61A86A195005F1184 /* ChoosePlayersViewController.m */,
				EE3356EF1A89610B00B83EC0 /* SingleGameViewController.h */,
				EE3356F01A89610B00B83EC0 /* SingleGameViewController.m */,
				EE48886E1AA0FC6D00FCCA47 /* TeamGameViewController.h */,
				EE48886F1AA0FC6D00FCCA47 /* TeamGameViewController.m */,
			);
			name = Scorekeeping;
			sourceTree = "<group>";
		};
		EE1A55821A9CFB9000E6981E /* Groups */ = {
			isa = PBXGroup;
			children = (
				EE1A557C1A9CFB3000E6981E /* GroupsViewController.h */,
				EE1A557D1A9CFB3000E6981E /* GroupsViewController.m */,
				EE1A557F1A9CFB4A00E6981E /* CurrentGroupViewController.h */,
				EE1A55801A9CFB4A00E6981E /* CurrentGroupViewController.m */,
				EE9DAEF11A9ECEC500589897 /* AddGroupViewController.h */,
				EE9DAEF21A9ECEC600589897 /* AddGroupViewController.m */,
				EE9DAEF41A9ECED800589897 /* FindGroupViewController.h */,
				EE9DAEF51A9ECED800589897 /* FindGroupViewController.m */,
			);
			name = Groups;
			sourceTree = "<group>";
		};
		EE2C57E31A93F2BF00DA9835 /* Logging in */ = {
			isa = PBXGroup;
			children = (
				EE7A6D021A869169000447D2 /* InitialViewController.h */,
				EE7A6D031A869169000447D2 /* InitialViewController.m */,
				EE2C57DD1A93ECD200DA9835 /* BaseLoginController.h */,
				EE2C57DE1A93ECD200DA9835 /* BaseLoginController.m */,
				EE2C57E01A93F12300DA9835 /* SignUpViewController.h */,
				EE2C57E11A93F12300DA9835 /* SignUpViewController.m */,
				EE5027C01A9654A30079DFFC /* LogViewController.h */,
				EE5027C11A9654A30079DFFC /* LogViewController.m */,
			);
			name = "Logging in";
			sourceTree = "<group>";
		};
		EE2C57E41A93F51300DA9835 /* Controllers */ = {
			isa = PBXGroup;
			children = (
				EE0DC00D1A8D9456000235B3 /* UserController.h */,
				EE0DC00E1A8D9456000235B3 /* UserController.m */,
				EE0DC0101A8D96D8000235B3 /* SingleGameController.h */,
				EE0DC0111A8D96D8000235B3 /* SingleGameController.m */,
				EE2EF8141AA4F88900DE09E7 /* TeamGameController.h */,
				EE2EF8151AA4F88900DE09E7 /* TeamGameController.m */,
				EE1A55831A9CFBB500E6981E /* GroupController.h */,
				EE1A55841A9CFBB500E6981E /* GroupController.m */,
				EEFDF3CC1AA6AE7200A0E48F /* StatsController.h */,
				EEFDF3CD1AA6AE7200A0E48F /* StatsController.m */,
			);
			name = Controllers;
			sourceTree = "<group>";
		};
		EE2C57E51A93F52400DA9835 /* CustomCells */ = {
			isa = PBXGroup;
			children = (
				EE7A6D051A869970000447D2 /* NewGameCustomTableViewCell.h */,
				EE7A6D061A869970000447D2 /* NewGameCustomTableViewCell.m */,
			);
			name = CustomCells;
			sourceTree = "<group>";
		};
		EE2EF80D1AA4EEF100DE09E7 /* Model Objects */ = {
			isa = PBXGroup;
			children = (
				EE2EF80E1AA4EF2200DE09E7 /* SingleGameStats.h */,
				EE2EF80F1AA4EF2200DE09E7 /* SingleGameStats.m */,
				EE2EF8111AA4EF3400DE09E7 /* TeamGameStats.h */,
				EE2EF8121AA4EF3400DE09E7 /* TeamGameStats.m */,
				EE2EF8171AA6422000DE09E7 /* PersonalStats.h */,
				EE2EF8181AA6422000DE09E7 /* PersonalStats.m */,
				EEFDF3CF1AA7FEA600A0E48F /* Game.h */,
				EEFDF3D01AA7FEA600A0E48F /* Game.m */,
				EEFDF3D21AA809AF00A0E48F /* TeamGame.h */,
				EEFDF3D31AA809AF00A0E48F /* TeamGame.m */,
			);
			name = "Model Objects";
			sourceTree = "<group>";
		};
		EE5027CC1A98F1180079DFFC /* Other */ = {
			isa = PBXGroup;
			children = (
				EE4888681A9FDD9B00FCCA47 /* HMSegmentedControl.h */,
				EE4888691A9FDD9B00FCCA47 /* HMSegmentedControl.m */,
				EE2C57D41A93DFC600DA9835 /* UIImageView+Letters.h */,
				EE2C57D51A93DFC600DA9835 /* UIImageView+Letters.m */,
				EE5027C61A965F1F0079DFFC /* NSString+Extensions.h */,
				EE5027C71A965F1F0079DFFC /* NSString+Extensions.m */,
				EE5027C91A98ED310079DFFC /* UIColor+ExtraColorTools.h */,
				EE5027CA1A98ED310079DFFC /* UIColor+ExtraColorTools.m */,
				EE808DB51A9FCCB10000F833 /* NSString+Fonts.h */,
				EE808DB61A9FCCB10000F833 /* NSString+Fonts.m */,
				EE9DAEE91A9D582200589897 /* RNFrostedSidebar.h */,
				EE9DAEEA1A9D582200589897 /* RNFrostedSidebar.m */,
				EE2EF81A1AAA277000DE09E7 /* PulldownMenu.h */,
				EE2EF81B1AAA277000DE09E7 /* PulldownMenu.m */,
				EE0DC00C1A8C53A1000235B3 /* FoosPong-Prefix.pch */,
				EE7A6CE31A868402000447D2 /* Main.storyboard */,
			);
			name = Other;
			sourceTree = "<group>";
		};
		EE7A6CCD1A868401000447D2 = {
			isa = PBXGroup;
			children = (
				EE7A6CD81A868401000447D2 /* FoosPong */,
				EE7A6CF21A868402000447D2 /* FoosPongTests */,
				EE7A6CD71A868401000447D2 /* Products */,
				AED8EE843DD92B7D2CCC995D /* Frameworks */,
				6865A691876762717F24C232 /* Pods */,
			);
			sourceTree = "<group>";
		};
		EE7A6CD71A868401000447D2 /* Products */ = {
			isa = PBXGroup;
			children = (
				EE7A6CD61A868401000447D2 /* FoosPong.app */,
				EE7A6CEF1A868402000447D2 /* FoosPongTests.xctest */,
			);
			name = Products;
			sourceTree = "<group>";
		};
		EE7A6CD81A868401000447D2 /* FoosPong */ = {
			isa = PBXGroup;
			children = (
				EE7A6CDD1A868402000447D2 /* AppDelegate.h */,
				EE7A6CDE1A868402000447D2 /* AppDelegate.m */,
				EE9DAEEE1A9EB91D00589897 /* MasterViewController.h */,
				EE9DAEEF1A9EB91D00589897 /* MasterViewController.m */,
				EE2C57E31A93F2BF00DA9835 /* Logging in */,
				EE1A557B1A9CFAE000E6981E /* Scorekeeping */,
				EE1A557A1A9CFA3E00E6981E /* Personal Profile */,
				EE1A55821A9CFB9000E6981E /* Groups */,
				EE808DB11A9FC3EA0000F833 /* Settings */,
				EE2C57E41A93F51300DA9835 /* Controllers */,
				EE2EF80D1AA4EEF100DE09E7 /* Model Objects */,
				EE5027CC1A98F1180079DFFC /* Other */,
				EE2C57E51A93F52400DA9835 /* CustomCells */,
				EE33572B1A8C1C4700B83EC0 /* Parse.framework */,
				EE3357291A8C1C2A00B83EC0 /* Bolts.framework */,
				EE7A6CE61A868402000447D2 /* Images.xcassets */,
				EE7A6CE81A868402000447D2 /* LaunchScreen.xib */,
				EE7A6CD91A868402000447D2 /* Supporting Files */,
			);
			path = FoosPong;
			sourceTree = "<group>";
		};
		EE7A6CD91A868402000447D2 /* Supporting Files */ = {
			isa = PBXGroup;
			children = (
				EE7A6CDA1A868402000447D2 /* Info.plist */,
				EE7A6CDB1A868402000447D2 /* main.m */,
			);
			name = "Supporting Files";
			sourceTree = "<group>";
		};
		EE7A6CF21A868402000447D2 /* FoosPongTests */ = {
			isa = PBXGroup;
			children = (
				EE7A6CF51A868402000447D2 /* FoosPongTests.m */,
				EE7A6CF31A868402000447D2 /* Supporting Files */,
			);
			path = FoosPongTests;
			sourceTree = "<group>";
		};
		EE7A6CF31A868402000447D2 /* Supporting Files */ = {
			isa = PBXGroup;
			children = (
				EE7A6CF41A868402000447D2 /* Info.plist */,
			);
			name = "Supporting Files";
			sourceTree = "<group>";
		};
		EE808DB11A9FC3EA0000F833 /* Settings */ = {
			isa = PBXGroup;
			children = (
				EE808DAE1A9FC3E30000F833 /* SettingViewController.h */,
				EE808DAF1A9FC3E30000F833 /* SettingViewController.m */,
			);
			name = Settings;
			sourceTree = "<group>";
		};
/* End PBXGroup section */

/* Begin PBXNativeTarget section */
		EE7A6CD51A868401000447D2 /* FoosPong */ = {
			isa = PBXNativeTarget;
			buildConfigurationList = EE7A6CF91A868402000447D2 /* Build configuration list for PBXNativeTarget "FoosPong" */;
			buildPhases = (
				99B82E5DE6D4D1F9140260C8 /* Check Pods Manifest.lock */,
				EE7A6CD21A868401000447D2 /* Sources */,
				EE7A6CD31A868401000447D2 /* Frameworks */,
				EE7A6CD41A868401000447D2 /* Resources */,
				92310D5901CFDBFE94C2D717 /* Copy Pods Resources */,
				EE10807B1AA0061700D760AC /* ShellScript */,
			);
			buildRules = (
			);
			dependencies = (
			);
			name = FoosPong;
			productName = FoosPong;
			productReference = EE7A6CD61A868401000447D2 /* FoosPong.app */;
			productType = "com.apple.product-type.application";
		};
		EE7A6CEE1A868402000447D2 /* FoosPongTests */ = {
			isa = PBXNativeTarget;
			buildConfigurationList = EE7A6CFC1A868402000447D2 /* Build configuration list for PBXNativeTarget "FoosPongTests" */;
			buildPhases = (
				EE7A6CEB1A868402000447D2 /* Sources */,
				EE7A6CEC1A868402000447D2 /* Frameworks */,
				EE7A6CED1A868402000447D2 /* Resources */,
			);
			buildRules = (
			);
			dependencies = (
				EE7A6CF11A868402000447D2 /* PBXTargetDependency */,
			);
			name = FoosPongTests;
			productName = FoosPongTests;
			productReference = EE7A6CEF1A868402000447D2 /* FoosPongTests.xctest */;
			productType = "com.apple.product-type.bundle.unit-test";
		};
/* End PBXNativeTarget section */

/* Begin PBXProject section */
		EE7A6CCE1A868401000447D2 /* Project object */ = {
			isa = PBXProject;
			attributes = {
				LastUpgradeCheck = 0610;
				ORGANIZATIONNAME = Vibe;
				TargetAttributes = {
					EE7A6CD51A868401000447D2 = {
						CreatedOnToolsVersion = 6.1.1;
						DevelopmentTeam = 92H4P6C5WB;
					};
					EE7A6CEE1A868402000447D2 = {
						CreatedOnToolsVersion = 6.1.1;
						TestTargetID = EE7A6CD51A868401000447D2;
					};
				};
			};
			buildConfigurationList = EE7A6CD11A868401000447D2 /* Build configuration list for PBXProject "FoosPong" */;
			compatibilityVersion = "Xcode 3.2";
			developmentRegion = English;
			hasScannedForEncodings = 0;
			knownRegions = (
				en,
				Base,
			);
			mainGroup = EE7A6CCD1A868401000447D2;
			productRefGroup = EE7A6CD71A868401000447D2 /* Products */;
			projectDirPath = "";
			projectRoot = "";
			targets = (
				EE7A6CD51A868401000447D2 /* FoosPong */,
				EE7A6CEE1A868402000447D2 /* FoosPongTests */,
			);
		};
/* End PBXProject section */

/* Begin PBXResourcesBuildPhase section */
		EE7A6CD41A868401000447D2 /* Resources */ = {
			isa = PBXResourcesBuildPhase;
			buildActionMask = 2147483647;
			files = (
				EE7A6CE51A868402000447D2 /* Main.storyboard in Resources */,
				EE7A6CEA1A868402000447D2 /* LaunchScreen.xib in Resources */,
				EE7A6CE71A868402000447D2 /* Images.xcassets in Resources */,
			);
			runOnlyForDeploymentPostprocessing = 0;
		};
		EE7A6CED1A868402000447D2 /* Resources */ = {
			isa = PBXResourcesBuildPhase;
			buildActionMask = 2147483647;
			files = (
			);
			runOnlyForDeploymentPostprocessing = 0;
		};
/* End PBXResourcesBuildPhase section */

/* Begin PBXShellScriptBuildPhase section */
		92310D5901CFDBFE94C2D717 /* Copy Pods Resources */ = {
			isa = PBXShellScriptBuildPhase;
			buildActionMask = 2147483647;
			files = (
			);
			inputPaths = (
			);
			name = "Copy Pods Resources";
			outputPaths = (
			);
			runOnlyForDeploymentPostprocessing = 0;
			shellPath = /bin/sh;
			shellScript = "\"${SRCROOT}/Pods/Target Support Files/Pods-FoosPong/Pods-FoosPong-resources.sh\"\n";
			showEnvVarsInLog = 0;
		};
		99B82E5DE6D4D1F9140260C8 /* Check Pods Manifest.lock */ = {
			isa = PBXShellScriptBuildPhase;
			buildActionMask = 2147483647;
			files = (
			);
			inputPaths = (
			);
			name = "Check Pods Manifest.lock";
			outputPaths = (
			);
			runOnlyForDeploymentPostprocessing = 0;
			shellPath = /bin/sh;
			shellScript = "diff \"${PODS_ROOT}/../Podfile.lock\" \"${PODS_ROOT}/Manifest.lock\" > /dev/null\nif [[ $? != 0 ]] ; then\n    cat << EOM\nerror: The sandbox is not in sync with the Podfile.lock. Run 'pod install' or update your CocoaPods installation.\nEOM\n    exit 1\nfi\n";
			showEnvVarsInLog = 0;
		};
		EE10807B1AA0061700D760AC /* ShellScript */ = {
			isa = PBXShellScriptBuildPhase;
			buildActionMask = 2147483647;
			files = (
			);
			inputPaths = (
			);
			outputPaths = (
			);
			runOnlyForDeploymentPostprocessing = 0;
			shellPath = /bin/sh;
			shellScript = "./Fabric.framework/run c9541433c5e713982968e55e36e018d8a5a9e7a8 cd626cccc3c7f65515208d4e7c39df59501edd5a3e9f961b6e2269fe87d98721";
		};
/* End PBXShellScriptBuildPhase section */

/* Begin PBXSourcesBuildPhase section */
		EE7A6CD21A868401000447D2 /* Sources */ = {
			isa = PBXSourcesBuildPhase;
			buildActionMask = 2147483647;
			files = (
				EE9DAEF31A9ECEC600589897 /* AddGroupViewController.m in Sources */,
				EE9DAEEB1A9D582200589897 /* RNFrostedSidebar.m in Sources */,
				EE7A6D071A869970000447D2 /* NewGameCustomTableViewCell.m in Sources */,
				EE1A55881A9D217700E6981E /* PersonalNotificationsViewController.m in Sources */,
				EE1A55851A9CFBB500E6981E /* GroupController.m in Sources */,
				EEFDF3D11AA7FEA600A0E48F /* Game.m in Sources */,
				EE2EF8131AA4EF3400DE09E7 /* TeamGameStats.m in Sources */,
				302E41C41A86958E005F1184 /* HomeViewController.m in Sources */,
				EE0DC00F1A8D9456000235B3 /* UserController.m in Sources */,
				EE2EF8101AA4EF2200DE09E7 /* SingleGameStats.m in Sources */,
				EE3356EE1A895F0600B83EC0 /* ProfileViewController.m in Sources */,
				EE1A557E1A9CFB3000E6981E /* GroupsViewController.m in Sources */,
				EE0DC0121A8D96D8000235B3 /* SingleGameController.m in Sources */,
				EE7A6CDF1A868402000447D2 /* AppDelegate.m in Sources */,
				EE3356F11A89610B00B83EC0 /* SingleGameViewController.m in Sources */,
				EE808DB71A9FCCB10000F833 /* NSString+Fonts.m in Sources */,
				EE7A6D041A869169000447D2 /* InitialViewController.m in Sources */,
				EE9DAEF61A9ECED800589897 /* FindGroupViewController.m in Sources */,
				EE9DAEF01A9EB91D00589897 /* MasterViewController.m in Sources */,
				EE808DB01A9FC3E30000F833 /* SettingViewController.m in Sources */,
				EE48886A1A9FDD9B00FCCA47 /* HMSegmentedControl.m in Sources */,
				EE2EF8161AA4F88900DE09E7 /* TeamGameController.m in Sources */,
				EE2EF8191AA6422000DE09E7 /* PersonalStats.m in Sources */,
				EE7A6CDC1A868402000447D2 /* main.m in Sources */,
				EE2C57DF1A93ECD200DA9835 /* BaseLoginController.m in Sources */,
				302E41C71A86A195005F1184 /* ChoosePlayersViewController.m in Sources */,
				EEFDF3CE1AA6AE7200A0E48F /* StatsController.m in Sources */,
				EE2C57D61A93DFC600DA9835 /* UIImageView+Letters.m in Sources */,
				EE5027C81A965F1F0079DFFC /* NSString+Extensions.m in Sources */,
				EE7A6D0A1A869CD4000447D2 /* HistoryViewController.m in Sources */,
				EEFDF3D41AA809AF00A0E48F /* TeamGame.m in Sources */,
				EE2C57E21A93F12300DA9835 /* SignUpViewController.m in Sources */,
				EE2EF81C1AAA277000DE09E7 /* PulldownMenu.m in Sources */,
				EE5027CB1A98ED310079DFFC /* UIColor+ExtraColorTools.m in Sources */,
				EE1A55811A9CFB4A00E6981E /* CurrentGroupViewController.m in Sources */,
				EE4888701AA0FC6D00FCCA47 /* TeamGameViewController.m in Sources */,
				EE5027C21A9654A30079DFFC /* LogViewController.m in Sources */,
			);
			runOnlyForDeploymentPostprocessing = 0;
		};
		EE7A6CEB1A868402000447D2 /* Sources */ = {
			isa = PBXSourcesBuildPhase;
			buildActionMask = 2147483647;
			files = (
				EE7A6CF61A868402000447D2 /* FoosPongTests.m in Sources */,
			);
			runOnlyForDeploymentPostprocessing = 0;
		};
/* End PBXSourcesBuildPhase section */

/* Begin PBXTargetDependency section */
		EE7A6CF11A868402000447D2 /* PBXTargetDependency */ = {
			isa = PBXTargetDependency;
			target = EE7A6CD51A868401000447D2 /* FoosPong */;
			targetProxy = EE7A6CF01A868402000447D2 /* PBXContainerItemProxy */;
		};
/* End PBXTargetDependency section */

/* Begin PBXVariantGroup section */
		EE7A6CE31A868402000447D2 /* Main.storyboard */ = {
			isa = PBXVariantGroup;
			children = (
				EE7A6CE41A868402000447D2 /* Base */,
			);
			name = Main.storyboard;
			sourceTree = "<group>";
		};
		EE7A6CE81A868402000447D2 /* LaunchScreen.xib */ = {
			isa = PBXVariantGroup;
			children = (
				EE7A6CE91A868402000447D2 /* Base */,
			);
			name = LaunchScreen.xib;
			sourceTree = "<group>";
		};
/* End PBXVariantGroup section */

/* Begin XCBuildConfiguration section */
		EE7A6CF71A868402000447D2 /* Debug */ = {
			isa = XCBuildConfiguration;
			buildSettings = {
				ALWAYS_SEARCH_USER_PATHS = NO;
				CLANG_CXX_LANGUAGE_STANDARD = "gnu++0x";
				CLANG_CXX_LIBRARY = "libc++";
				CLANG_ENABLE_MODULES = YES;
				CLANG_ENABLE_OBJC_ARC = YES;
				CLANG_WARN_BOOL_CONVERSION = YES;
				CLANG_WARN_CONSTANT_CONVERSION = YES;
				CLANG_WARN_DIRECT_OBJC_ISA_USAGE = YES_ERROR;
				CLANG_WARN_EMPTY_BODY = YES;
				CLANG_WARN_ENUM_CONVERSION = YES;
				CLANG_WARN_INT_CONVERSION = YES;
				CLANG_WARN_OBJC_ROOT_CLASS = YES_ERROR;
				CLANG_WARN_UNREACHABLE_CODE = YES;
				CLANG_WARN__DUPLICATE_METHOD_MATCH = YES;
				CODE_SIGN_IDENTITY = "iPhone Developer: Derik Flanary (2A5TNCG5KX)";
				"CODE_SIGN_IDENTITY[sdk=iphoneos*]" = "iPhone Developer: Derik Flanary (2A5TNCG5KX)";
				COPY_PHASE_STRIP = NO;
				ENABLE_STRICT_OBJC_MSGSEND = YES;
				GCC_C_LANGUAGE_STANDARD = gnu99;
				GCC_DYNAMIC_NO_PIC = NO;
				GCC_OPTIMIZATION_LEVEL = 0;
				GCC_PREPROCESSOR_DEFINITIONS = (
					"DEBUG=1",
					"$(inherited)",
				);
				GCC_SYMBOLS_PRIVATE_EXTERN = NO;
				GCC_WARN_64_TO_32_BIT_CONVERSION = YES;
				GCC_WARN_ABOUT_RETURN_TYPE = YES_ERROR;
				GCC_WARN_UNDECLARED_SELECTOR = YES;
				GCC_WARN_UNINITIALIZED_AUTOS = YES_AGGRESSIVE;
				GCC_WARN_UNUSED_FUNCTION = YES;
				GCC_WARN_UNUSED_VARIABLE = YES;
				IPHONEOS_DEPLOYMENT_TARGET = 8.1;
				MTL_ENABLE_DEBUG_INFO = YES;
				ONLY_ACTIVE_ARCH = YES;
				SDKROOT = iphoneos;
			};
			name = Debug;
		};
		EE7A6CF81A868402000447D2 /* Release */ = {
			isa = XCBuildConfiguration;
			buildSettings = {
				ALWAYS_SEARCH_USER_PATHS = NO;
				CLANG_CXX_LANGUAGE_STANDARD = "gnu++0x";
				CLANG_CXX_LIBRARY = "libc++";
				CLANG_ENABLE_MODULES = YES;
				CLANG_ENABLE_OBJC_ARC = YES;
				CLANG_WARN_BOOL_CONVERSION = YES;
				CLANG_WARN_CONSTANT_CONVERSION = YES;
				CLANG_WARN_DIRECT_OBJC_ISA_USAGE = YES_ERROR;
				CLANG_WARN_EMPTY_BODY = YES;
				CLANG_WARN_ENUM_CONVERSION = YES;
				CLANG_WARN_INT_CONVERSION = YES;
				CLANG_WARN_OBJC_ROOT_CLASS = YES_ERROR;
				CLANG_WARN_UNREACHABLE_CODE = YES;
				CLANG_WARN__DUPLICATE_METHOD_MATCH = YES;
				CODE_SIGN_IDENTITY = "iPhone Developer: Derik Flanary (2A5TNCG5KX)";
				"CODE_SIGN_IDENTITY[sdk=iphoneos*]" = "iPhone Developer: Derik Flanary (2A5TNCG5KX)";
				COPY_PHASE_STRIP = YES;
				ENABLE_NS_ASSERTIONS = NO;
				ENABLE_STRICT_OBJC_MSGSEND = YES;
				GCC_C_LANGUAGE_STANDARD = gnu99;
				GCC_WARN_64_TO_32_BIT_CONVERSION = YES;
				GCC_WARN_ABOUT_RETURN_TYPE = YES_ERROR;
				GCC_WARN_UNDECLARED_SELECTOR = YES;
				GCC_WARN_UNINITIALIZED_AUTOS = YES_AGGRESSIVE;
				GCC_WARN_UNUSED_FUNCTION = YES;
				GCC_WARN_UNUSED_VARIABLE = YES;
				IPHONEOS_DEPLOYMENT_TARGET = 8.1;
				MTL_ENABLE_DEBUG_INFO = NO;
				SDKROOT = iphoneos;
				VALIDATE_PRODUCT = YES;
			};
			name = Release;
		};
		EE7A6CFA1A868402000447D2 /* Debug */ = {
			isa = XCBuildConfiguration;
			baseConfigurationReference = 6775E9090F7D5300C9E7454A /* Pods-FoosPong.debug.xcconfig */;
			buildSettings = {
				ASSETCATALOG_COMPILER_APPICON_NAME = AppIcon;
				CODE_SIGN_IDENTITY = "iPhone Developer: Derik Flanary (2A5TNCG5KX)";
				FRAMEWORK_SEARCH_PATHS = (
					"$(inherited)",
					"/Users/derikflanary/Downloads/parse-library-1.6.2",
					"$(PROJECT_DIR)/FoosPong",
					"$(PROJECT_DIR)",
				);
				GCC_PREFIX_HEADER = "FoosPong/FoosPong-Prefix.pch";
				INFOPLIST_FILE = FoosPong/Info.plist;
				LD_RUNPATH_SEARCH_PATHS = "$(inherited) @executable_path/Frameworks";
				PRODUCT_NAME = "$(TARGET_NAME)";
			};
			name = Debug;
		};
		EE7A6CFB1A868402000447D2 /* Release */ = {
			isa = XCBuildConfiguration;
			baseConfigurationReference = E5F931099152F99036552F2B /* Pods-FoosPong.release.xcconfig */;
			buildSettings = {
				ASSETCATALOG_COMPILER_APPICON_NAME = AppIcon;
				CODE_SIGN_IDENTITY = "iPhone Developer: Derik Flanary (2A5TNCG5KX)";
				FRAMEWORK_SEARCH_PATHS = (
					"$(inherited)",
					"/Users/derikflanary/Downloads/parse-library-1.6.2",
					"$(PROJECT_DIR)/FoosPong",
					"$(PROJECT_DIR)",
				);
				GCC_PREFIX_HEADER = "FoosPong/FoosPong-Prefix.pch";
				INFOPLIST_FILE = FoosPong/Info.plist;
				LD_RUNPATH_SEARCH_PATHS = "$(inherited) @executable_path/Frameworks";
				PRODUCT_NAME = "$(TARGET_NAME)";
			};
			name = Release;
		};
		EE7A6CFD1A868402000447D2 /* Debug */ = {
			isa = XCBuildConfiguration;
			buildSettings = {
				BUNDLE_LOADER = "$(TEST_HOST)";
				FRAMEWORK_SEARCH_PATHS = (
					"$(SDKROOT)/Developer/Library/Frameworks",
					"$(inherited)",
				);
				GCC_PREPROCESSOR_DEFINITIONS = (
					"DEBUG=1",
					"$(inherited)",
				);
				INFOPLIST_FILE = FoosPongTests/Info.plist;
				LD_RUNPATH_SEARCH_PATHS = "$(inherited) @executable_path/Frameworks @loader_path/Frameworks";
				PRODUCT_NAME = "$(TARGET_NAME)";
				TEST_HOST = "$(BUILT_PRODUCTS_DIR)/FoosPong.app/FoosPong";
			};
			name = Debug;
		};
		EE7A6CFE1A868402000447D2 /* Release */ = {
			isa = XCBuildConfiguration;
			buildSettings = {
				BUNDLE_LOADER = "$(TEST_HOST)";
				FRAMEWORK_SEARCH_PATHS = (
					"$(SDKROOT)/Developer/Library/Frameworks",
					"$(inherited)",
				);
				INFOPLIST_FILE = FoosPongTests/Info.plist;
				LD_RUNPATH_SEARCH_PATHS = "$(inherited) @executable_path/Frameworks @loader_path/Frameworks";
				PRODUCT_NAME = "$(TARGET_NAME)";
				TEST_HOST = "$(BUILT_PRODUCTS_DIR)/FoosPong.app/FoosPong";
			};
			name = Release;
		};
/* End XCBuildConfiguration section */

/* Begin XCConfigurationList section */
		EE7A6CD11A868401000447D2 /* Build configuration list for PBXProject "FoosPong" */ = {
			isa = XCConfigurationList;
			buildConfigurations = (
				EE7A6CF71A868402000447D2 /* Debug */,
				EE7A6CF81A868402000447D2 /* Release */,
			);
			defaultConfigurationIsVisible = 0;
			defaultConfigurationName = Release;
		};
		EE7A6CF91A868402000447D2 /* Build configuration list for PBXNativeTarget "FoosPong" */ = {
			isa = XCConfigurationList;
			buildConfigurations = (
				EE7A6CFA1A868402000447D2 /* Debug */,
				EE7A6CFB1A868402000447D2 /* Release */,
			);
			defaultConfigurationIsVisible = 0;
			defaultConfigurationName = Release;
		};
		EE7A6CFC1A868402000447D2 /* Build configuration list for PBXNativeTarget "FoosPongTests" */ = {
			isa = XCConfigurationList;
			buildConfigurations = (
				EE7A6CFD1A868402000447D2 /* Debug */,
				EE7A6CFE1A868402000447D2 /* Release */,
			);
			defaultConfigurationIsVisible = 0;
			defaultConfigurationName = Release;
		};
/* End XCConfigurationList section */
	};
	rootObject = EE7A6CCE1A868401000447D2 /* Project object */;
}
